// !$*UTF8*$!
{
	archiveVersion = 1;
	classes = {
	};
	objectVersion = 46;
	objects = {

/* Begin PBXBuildFile section */
		8F0DEEBD19A53292008C1F18 /* Foundation.framework in Frameworks */ = {isa = PBXBuildFile; fileRef = 8F0DEEBC19A53292008C1F18 /* Foundation.framework */; };
		8F0DEEBF19A53292008C1F18 /* CoreGraphics.framework in Frameworks */ = {isa = PBXBuildFile; fileRef = 8F0DEEBE19A53292008C1F18 /* CoreGraphics.framework */; };
		8F0DEEC119A53292008C1F18 /* UIKit.framework in Frameworks */ = {isa = PBXBuildFile; fileRef = 8F0DEEC019A53292008C1F18 /* UIKit.framework */; };
		8F0DEEC719A53292008C1F18 /* InfoPlist.strings in Resources */ = {isa = PBXBuildFile; fileRef = 8F0DEEC519A53292008C1F18 /* InfoPlist.strings */; };
		8F0DEEC919A53292008C1F18 /* main.m in Sources */ = {isa = PBXBuildFile; fileRef = 8F0DEEC819A53292008C1F18 /* main.m */; };
		8F0DEECD19A53292008C1F18 /* AppDelegate.m in Sources */ = {isa = PBXBuildFile; fileRef = 8F0DEECC19A53292008C1F18 /* AppDelegate.m */; };
		8F0DEED019A53292008C1F18 /* Main.storyboard in Resources */ = {isa = PBXBuildFile; fileRef = 8F0DEECE19A53292008C1F18 /* Main.storyboard */; };
		8F0DEED319A53292008C1F18 /* ViewController.m in Sources */ = {isa = PBXBuildFile; fileRef = 8F0DEED219A53292008C1F18 /* ViewController.m */; };
		8F0DEED519A53292008C1F18 /* Images.xcassets in Resources */ = {isa = PBXBuildFile; fileRef = 8F0DEED419A53292008C1F18 /* Images.xcassets */; };
		8F0DEEDC19A53292008C1F18 /* XCTest.framework in Frameworks */ = {isa = PBXBuildFile; fileRef = 8F0DEEDB19A53292008C1F18 /* XCTest.framework */; };
		8F0DEEDD19A53292008C1F18 /* Foundation.framework in Frameworks */ = {isa = PBXBuildFile; fileRef = 8F0DEEBC19A53292008C1F18 /* Foundation.framework */; };
		8F0DEEDE19A53292008C1F18 /* UIKit.framework in Frameworks */ = {isa = PBXBuildFile; fileRef = 8F0DEEC019A53292008C1F18 /* UIKit.framework */; };
		8F0DEEE619A53292008C1F18 /* InfoPlist.strings in Resources */ = {isa = PBXBuildFile; fileRef = 8F0DEEE419A53292008C1F18 /* InfoPlist.strings */; };
		8F0DEEE819A53292008C1F18 /* pzNavigationControllerLearningTests.m in Sources */ = {isa = PBXBuildFile; fileRef = 8F0DEEE719A53292008C1F18 /* pzNavigationControllerLearningTests.m */; };
		8F0DEEF319A53307008C1F18 /* FirstViewController.m in Sources */ = {isa = PBXBuildFile; fileRef = 8F0DEEF219A53307008C1F18 /* FirstViewController.m */; };
		8F0DEEF619A55ABC008C1F18 /* SecondViewController.m in Sources */ = {isa = PBXBuildFile; fileRef = 8F0DEEF519A55ABC008C1F18 /* SecondViewController.m */; };
/* End PBXBuildFile section */

/* Begin PBXContainerItemProxy section */
		8F0DEEDF19A53292008C1F18 /* PBXContainerItemProxy */ = {
			isa = PBXContainerItemProxy;
			containerPortal = 8F0DEEB119A53292008C1F18 /* Project object */;
			proxyType = 1;
			remoteGlobalIDString = 8F0DEEB819A53292008C1F18;
			remoteInfo = pzNavigationControllerLearning;
		};
/* End PBXContainerItemProxy section */

/* Begin PBXFileReference section */
		8F0DEEB919A53292008C1F18 /* pzNavigationControllerLearning.app */ = {isa = PBXFileReference; explicitFileType = wrapper.application; includeInIndex = 0; path = pzNavigationControllerLearning.app; sourceTree = BUILT_PRODUCTS_DIR; };
		8F0DEEBC19A53292008C1F18 /* Foundation.framework */ = {isa = PBXFileReference; lastKnownFileType = wrapper.framework; name = Foundation.framework; path = System/Library/Frameworks/Foundation.framework; sourceTree = SDKROOT; };
		8F0DEEBE19A53292008C1F18 /* CoreGraphics.framework */ = {isa = PBXFileReference; lastKnownFileType = wrapper.framework; name = CoreGraphics.framework; path = System/Library/Frameworks/CoreGraphics.framework; sourceTree = SDKROOT; };
		8F0DEEC019A53292008C1F18 /* UIKit.framework */ = {isa = PBXFileReference; lastKnownFileType = wrapper.framework; name = UIKit.framework; path = System/Library/Frameworks/UIKit.framework; sourceTree = SDKROOT; };
		8F0DEEC419A53292008C1F18 /* pzNavigationControllerLearning-Info.plist */ = {isa = PBXFileReference; lastKnownFileType = text.plist.xml; path = "pzNavigationControllerLearning-Info.plist"; sourceTree = "<group>"; };
		8F0DEEC619A53292008C1F18 /* en */ = {isa = PBXFileReference; lastKnownFileType = text.plist.strings; name = en; path = en.lproj/InfoPlist.strings; sourceTree = "<group>"; };
		8F0DEEC819A53292008C1F18 /* main.m */ = {isa = PBXFileReference; lastKnownFileType = sourcecode.c.objc; path = main.m; sourceTree = "<group>"; };
		8F0DEECA19A53292008C1F18 /* pzNavigationControllerLearning-Prefix.pch */ = {isa = PBXFileReference; lastKnownFileType = sourcecode.c.h; path = "pzNavigationControllerLearning-Prefix.pch"; sourceTree = "<group>"; };
		8F0DEECB19A53292008C1F18 /* AppDelegate.h */ = {isa = PBXFileReference; lastKnownFileType = sourcecode.c.h; path = AppDelegate.h; sourceTree = "<group>"; };
		8F0DEECC19A53292008C1F18 /* AppDelegate.m */ = {isa = PBXFileReference; lastKnownFileType = sourcecode.c.objc; path = AppDelegate.m; sourceTree = "<group>"; };
		8F0DEECF19A53292008C1F18 /* Base */ = {isa = PBXFileReference; lastKnownFileType = file.storyboard; name = Base; path = Base.lproj/Main.storyboard; sourceTree = "<group>"; };
		8F0DEED119A53292008C1F18 /* ViewController.h */ = {isa = PBXFileReference; lastKnownFileType = sourcecode.c.h; path = ViewController.h; sourceTree = "<group>"; };
		8F0DEED219A53292008C1F18 /* ViewController.m */ = {isa = PBXFileReference; lastKnownFileType = sourcecode.c.objc; path = ViewController.m; sourceTree = "<group>"; };
		8F0DEED419A53292008C1F18 /* Images.xcassets */ = {isa = PBXFileReference; lastKnownFileType = folder.assetcatalog; path = Images.xcassets; sourceTree = "<group>"; };
		8F0DEEDA19A53292008C1F18 /* pzNavigationControllerLearningTests.xctest */ = {isa = PBXFileReference; explicitFileType = wrapper.cfbundle; includeInIndex = 0; path = pzNavigationControllerLearningTests.xctest; sourceTree = BUILT_PRODUCTS_DIR; };
		8F0DEEDB19A53292008C1F18 /* XCTest.framework */ = {isa = PBXFileReference; lastKnownFileType = wrapper.framework; name = XCTest.framework; path = Library/Frameworks/XCTest.framework; sourceTree = DEVELOPER_DIR; };
		8F0DEEE319A53292008C1F18 /* pzNavigationControllerLearningTests-Info.plist */ = {isa = PBXFileReference; lastKnownFileType = text.plist.xml; path = "pzNavigationControllerLearningTests-Info.plist"; sourceTree = "<group>"; };
		8F0DEEE519A53292008C1F18 /* en */ = {isa = PBXFileReference; lastKnownFileType = text.plist.strings; name = en; path = en.lproj/InfoPlist.strings; sourceTree = "<group>"; };
		8F0DEEE719A53292008C1F18 /* pzNavigationControllerLearningTests.m */ = {isa = PBXFileReference; lastKnownFileType = sourcecode.c.objc; path = pzNavigationControllerLearningTests.m; sourceTree = "<group>"; };
		8F0DEEF119A53307008C1F18 /* FirstViewController.h */ = {isa = PBXFileReference; fileEncoding = 4; lastKnownFileType = sourcecode.c.h; path = FirstViewController.h; sourceTree = "<group>"; };
		8F0DEEF219A53307008C1F18 /* FirstViewController.m */ = {isa = PBXFileReference; fileEncoding = 4; lastKnownFileType = sourcecode.c.objc; path = FirstViewController.m; sourceTree = "<group>"; };
		8F0DEEF419A55ABC008C1F18 /* SecondViewController.h */ = {isa = PBXFileReference; fileEncoding = 4; lastKnownFileType = sourcecode.c.h; path = SecondViewController.h; sourceTree = "<group>"; };
		8F0DEEF519A55ABC008C1F18 /* SecondViewController.m */ = {isa = PBXFileReference; fileEncoding = 4; lastKnownFileType = sourcecode.c.objc; path = SecondViewController.m; sourceTree = "<group>"; };
/* End PBXFileReference section */

/* Begin PBXFrameworksBuildPhase section */
		8F0DEEB619A53292008C1F18 /* Frameworks */ = {
			isa = PBXFrameworksBuildPhase;
			buildActionMask = 2147483647;
			files = (
				8F0DEEBF19A53292008C1F18 /* CoreGraphics.framework in Frameworks */,
				8F0DEEC119A53292008C1F18 /* UIKit.framework in Frameworks */,
				8F0DEEBD19A53292008C1F18 /* Foundation.framework in Frameworks */,
			);
			runOnlyForDeploymentPostprocessing = 0;
		};
		8F0DEED719A53292008C1F18 /* Frameworks */ = {
			isa = PBXFrameworksBuildPhase;
			buildActionMask = 2147483647;
			files = (
				8F0DEEDC19A53292008C1F18 /* XCTest.framework in Frameworks */,
				8F0DEEDE19A53292008C1F18 /* UIKit.framework in Frameworks */,
				8F0DEEDD19A53292008C1F18 /* Foundation.framework in Frameworks */,
			);
			runOnlyForDeploymentPostprocessing = 0;
		};
/* End PBXFrameworksBuildPhase section */

/* Begin PBXGroup section */
		8F0DEEB019A53292008C1F18 = {
			isa = PBXGroup;
			children = (
				8F0DEEC219A53292008C1F18 /* pzNavigationControllerLearning */,
				8F0DEEE119A53292008C1F18 /* pzNavigationControllerLearningTests */,
				8F0DEEBB19A53292008C1F18 /* Frameworks */,
				8F0DEEBA19A53292008C1F18 /* Products */,
			);
			sourceTree = "<group>";
		};
		8F0DEEBA19A53292008C1F18 /* Products */ = {
			isa = PBXGroup;
			children = (
				8F0DEEB919A53292008C1F18 /* pzNavigationControllerLearning.app */,
				8F0DEEDA19A53292008C1F18 /* pzNavigationControllerLearningTests.xctest */,
			);
			name = Products;
			sourceTree = "<group>";
		};
		8F0DEEBB19A53292008C1F18 /* Frameworks */ = {
			isa = PBXGroup;
			children = (
				8F0DEEBC19A53292008C1F18 /* Foundation.framework */,
				8F0DEEBE19A53292008C1F18 /* CoreGraphics.framework */,
				8F0DEEC019A53292008C1F18 /* UIKit.framework */,
				8F0DEEDB19A53292008C1F18 /* XCTest.framework */,
			);
			name = Frameworks;
			sourceTree = "<group>";
		};
		8F0DEEC219A53292008C1F18 /* pzNavigationControllerLearning */ = {
			isa = PBXGroup;
			children = (
				8F0DEECB19A53292008C1F18 /* AppDelegate.h */,
				8F0DEECC19A53292008C1F18 /* AppDelegate.m */,
				8F0DEEF119A53307008C1F18 /* FirstViewController.h */,
				8F0DEEF219A53307008C1F18 /* FirstViewController.m */,
				8F0DEEF419A55ABC008C1F18 /* SecondViewController.h */,
				8F0DEEF519A55ABC008C1F18 /* SecondViewController.m */,
				8F0DEECE19A53292008C1F18 /* Main.storyboard */,
				8F0DEED119A53292008C1F18 /* ViewController.h */,
				8F0DEED219A53292008C1F18 /* ViewController.m */,
				8F0DEED419A53292008C1F18 /* Images.xcassets */,
				8F0DEEC319A53292008C1F18 /* Supporting Files */,
			);
			path = pzNavigationControllerLearning;
			sourceTree = "<group>";
		};
		8F0DEEC319A53292008C1F18 /* Supporting Files */ = {
			isa = PBXGroup;
			children = (
				8F0DEEC419A53292008C1F18 /* pzNavigationControllerLearning-Info.plist */,
				8F0DEEC519A53292008C1F18 /* InfoPlist.strings */,
				8F0DEEC819A53292008C1F18 /* main.m */,
				8F0DEECA19A53292008C1F18 /* pzNavigationControllerLearning-Prefix.pch */,
			);
			name = "Supporting Files";
			sourceTree = "<group>";
		};
		8F0DEEE119A53292008C1F18 /* pzNavigationControllerLearningTests */ = {
			isa = PBXGroup;
			children = (
				8F0DEEE719A53292008C1F18 /* pzNavigationControllerLearningTests.m */,
				8F0DEEE219A53292008C1F18 /* Supporting Files */,
			);
			path = pzNavigationControllerLearningTests;
			sourceTree = "<group>";
		};
		8F0DEEE219A53292008C1F18 /* Supporting Files */ = {
			isa = PBXGroup;
			children = (
				8F0DEEE319A53292008C1F18 /* pzNavigationControllerLearningTests-Info.plist */,
				8F0DEEE419A53292008C1F18 /* InfoPlist.strings */,
			);
			name = "Supporting Files";
			sourceTree = "<group>";
		};
/* End PBXGroup section */

/* Begin PBXNativeTarget section */
		8F0DEEB819A53292008C1F18 /* pzNavigationControllerLearning */ = {
			isa = PBXNativeTarget;
			buildConfigurationList = 8F0DEEEB19A53292008C1F18 /* Build configuration list for PBXNativeTarget "pzNavigationControllerLearning" */;
			buildPhases = (
				8F0DEEB519A53292008C1F18 /* Sources */,
				8F0DEEB619A53292008C1F18 /* Frameworks */,
				8F0DEEB719A53292008C1F18 /* Resources */,
			);
			buildRules = (
			);
			dependencies = (
			);
			name = pzNavigationControllerLearning;
			productName = pzNavigationControllerLearning;
			productReference = 8F0DEEB919A53292008C1F18 /* pzNavigationControllerLearning.app */;
			productType = "com.apple.product-type.application";
		};
		8F0DEED919A53292008C1F18 /* pzNavigationControllerLearningTests */ = {
			isa = PBXNativeTarget;
			buildConfigurationList = 8F0DEEEE19A53292008C1F18 /* Build configuration list for PBXNativeTarget "pzNavigationControllerLearningTests" */;
			buildPhases = (
				8F0DEED619A53292008C1F18 /* Sources */,
				8F0DEED719A53292008C1F18 /* Frameworks */,
				8F0DEED819A53292008C1F18 /* Resources */,
			);
			buildRules = (
			);
			dependencies = (
				8F0DEEE019A53292008C1F18 /* PBXTargetDependency */,
			);
			name = pzNavigationControllerLearningTests;
			productName = pzNavigationControllerLearningTests;
			productReference = 8F0DEEDA19A53292008C1F18 /* pzNavigationControllerLearningTests.xctest */;
			productType = "com.apple.product-type.bundle.unit-test";
		};
/* End PBXNativeTarget section */

/* Begin PBXProject section */
		8F0DEEB119A53292008C1F18 /* Project object */ = {
			isa = PBXProject;
			attributes = {
				LastUpgradeCheck = 0510;
				ORGANIZATIONNAME = com.6pingblky;
				TargetAttributes = {
					8F0DEED919A53292008C1F18 = {
						TestTargetID = 8F0DEEB819A53292008C1F18;
					};
				};
			};
			buildConfigurationList = 8F0DEEB419A53292008C1F18 /* Build configuration list for PBXProject "pzNavigationControllerLearning" */;
			compatibilityVersion = "Xcode 3.2";
			developmentRegion = English;
			hasScannedForEncodings = 0;
			knownRegions = (
				en,
				Base,
			);
			mainGroup = 8F0DEEB019A53292008C1F18;
			productRefGroup = 8F0DEEBA19A53292008C1F18 /* Products */;
			projectDirPath = "";
			projectRoot = "";
			targets = (
				8F0DEEB819A53292008C1F18 /* pzNavigationControllerLearning */,
				8F0DEED919A53292008C1F18 /* pzNavigationControllerLearningTests */,
			);
		};
/* End PBXProject section */

/* Begin PBXResourcesBuildPhase section */
		8F0DEEB719A53292008C1F18 /* Resources */ = {
			isa = PBXResourcesBuildPhase;
			buildActionMask = 2147483647;
			files = (
				8F0DEED519A53292008C1F18 /* Images.xcassets in Resources */,
				8F0DEEC719A53292008C1F18 /* InfoPlist.strings in Resources */,
				8F0DEED019A53292008C1F18 /* Main.storyboard in Resources */,
			);
			runOnlyForDeploymentPostprocessing = 0;
		};
		8F0DEED819A53292008C1F18 /* Resources */ = {
			isa = PBXResourcesBuildPhase;
			buildActionMask = 2147483647;
			files = (
				8F0DEEE619A53292008C1F18 /* InfoPlist.strings in Resources */,
			);
			runOnlyForDeploymentPostprocessing = 0;
		};
/* End PBXResourcesBuildPhase section */

/* Begin PBXSourcesBuildPhase section */
		8F0DEEB519A53292008C1F18 /* Sources */ = {
			isa = PBXSourcesBuildPhase;
			buildActionMask = 2147483647;
			files = (
				8F0DEEF619A55ABC008C1F18 /* SecondViewController.m in Sources */,
				8F0DEED319A53292008C1F18 /* ViewController.m in Sources */,
				8F0DEECD19A53292008C1F18 /* AppDelegate.m in Sources */,
				8F0DEEC919A53292008C1F18 /* main.m in Sources */,
				8F0DEEF319A53307008C1F18 /* FirstViewController.m in Sources */,
			);
			runOnlyForDeploymentPostprocessing = 0;
		};
		8F0DEED619A53292008C1F18 /* Sources */ = {
			isa = PBXSourcesBuildPhase;
			buildActionMask = 2147483647;
			files = (
				8F0DEEE819A53292008C1F18 /* pzNavigationControllerLearningTests.m in Sources */,
			);
			runOnlyForDeploymentPostprocessing = 0;
		};
/* End PBXSourcesBuildPhase section */

/* Begin PBXTargetDependency section */
		8F0DEEE019A53292008C1F18 /* PBXTargetDependency */ = {
			isa = PBXTargetDependency;
			target = 8F0DEEB819A53292008C1F18 /* pzNavigationControllerLearning */;
			targetProxy = 8F0DEEDF19A53292008C1F18 /* PBXContainerItemProxy */;
		};
/* End PBXTargetDependency section */

/* Begin PBXVariantGroup section */
		8F0DEEC519A53292008C1F18 /* InfoPlist.strings */ = {
			isa = PBXVariantGroup;
			children = (
				8F0DEEC619A53292008C1F18 /* en */,
			);
			name = InfoPlist.strings;
			sourceTree = "<group>";
		};
		8F0DEECE19A53292008C1F18 /* Main.storyboard */ = {
			isa = PBXVariantGroup;
			children = (
				8F0DEECF19A53292008C1F18 /* Base */,
			);
			name = Main.storyboard;
			sourceTree = "<group>";
		};
		8F0DEEE419A53292008C1F18 /* InfoPlist.strings */ = {
			isa = PBXVariantGroup;
			children = (
				8F0DEEE519A53292008C1F18 /* en */,
			);
			name = InfoPlist.strings;
			sourceTree = "<group>";
		};
/* End PBXVariantGroup section */

/* Begin XCBuildConfiguration section */
		8F0DEEE919A53292008C1F18 /* Debug */ = {
			isa = XCBuildConfiguration;
			buildSettings = {
				ALWAYS_SEARCH_USER_PATHS = NO;
				CLANG_CXX_LANGUAGE_STANDARD = "gnu++0x";
				CLANG_CXX_LIBRARY = "libc++";
				CLANG_ENABLE_MODULES = YES;
				CLANG_ENABLE_OBJC_ARC = YES;
				CLANG_WARN_BOOL_CONVERSION = YES;
				CLANG_WARN_CONSTANT_CONVERSION = YES;
				CLANG_WARN_DIRECT_OBJC_ISA_USAGE = YES_ERROR;
				CLANG_WARN_EMPTY_BODY = YES;
				CLANG_WARN_ENUM_CONVERSION = YES;
				CLANG_WARN_INT_CONVERSION = YES;
				CLANG_WARN_OBJC_ROOT_CLASS = YES_ERROR;
				CLANG_WARN__DUPLICATE_METHOD_MATCH = YES;
				"CODE_SIGN_IDENTITY[sdk=iphoneos*]" = "iPhone Developer";
				COPY_PHASE_STRIP = NO;
				GCC_C_LANGUAGE_STANDARD = gnu99;
				GCC_DYNAMIC_NO_PIC = NO;
				GCC_OPTIMIZATION_LEVEL = 0;
				GCC_PREPROCESSOR_DEFINITIONS = (
					"DEBUG=1",
					"$(inherited)",
				);
				GCC_SYMBOLS_PRIVATE_EXTERN = NO;
				GCC_WARN_64_TO_32_BIT_CONVERSION = YES;
				GCC_WARN_ABOUT_RETURN_TYPE = YES_ERROR;
				GCC_WARN_UNDECLARED_SELECTOR = YES;
				GCC_WARN_UNINITIALIZED_AUTOS = YES_AGGRESSIVE;
				GCC_WARN_UNUSED_FUNCTION = YES;
				GCC_WARN_UNUSED_VARIABLE = YES;
				IPHONEOS_DEPLOYMENT_TARGET = 7.1;
				ONLY_ACTIVE_ARCH = YES;
				SDKROOT = iphoneos;
			};
			name = Debug;
		};
		8F0DEEEA19A53292008C1F18 /* Release */ = {
			isa = XCBuildConfiguration;
			buildSettings = {
				ALWAYS_SEARCH_USER_PATHS = NO;
				CLANG_CXX_LANGUAGE_STANDARD = "gnu++0x";
				CLANG_CXX_LIBRARY = "libc++";
				CLANG_ENABLE_MODULES = YES;
				CLANG_ENABLE_OBJC_ARC = YES;
				CLANG_WARN_BOOL_CONVERSION = YES;
				CLANG_WARN_CONSTANT_CONVERSION = YES;
				CLANG_WARN_DIRECT_OBJC_ISA_USAGE = YES_ERROR;
				CLANG_WARN_EMPTY_BODY = YES;
				CLANG_WARN_ENUM_CONVERSION = YES;
				CLANG_WARN_INT_CONVERSION = YES;
				CLANG_WARN_OBJC_ROOT_CLASS = YES_ERROR;
				CLANG_WARN__DUPLICATE_METHOD_MATCH = YES;
				"CODE_SIGN_IDENTITY[sdk=iphoneos*]" = "iPhone Developer";
				COPY_PHASE_STRIP = YES;
				ENABLE_NS_ASSERTIONS = NO;
				GCC_C_LANGUAGE_STANDARD = gnu99;
				GCC_WARN_64_TO_32_BIT_CONVERSION = YES;
				GCC_WARN_ABOUT_RETURN_TYPE = YES_ERROR;
				GCC_WARN_UNDECLARED_SELECTOR = YES;
				GCC_WARN_UNINITIALIZED_AUTOS = YES_AGGRESSIVE;
				GCC_WARN_UNUSED_FUNCTION = YES;
				GCC_WARN_UNUSED_VARIABLE = YES;
				IPHONEOS_DEPLOYMENT_TARGET = 7.1;
				SDKROOT = iphoneos;
				VALIDATE_PRODUCT = YES;
			};
			name = Release;
		};
		8F0DEEEC19A53292008C1F18 /* Debug */ = {
			isa = XCBuildConfiguration;
			buildSettings = {
				ASSETCATALOG_COMPILER_APPICON_NAME = AppIcon;
				ASSETCATALOG_COMPILER_LAUNCHIMAGE_NAME = LaunchImage;
				GCC_PRECOMPILE_PREFIX_HEADER = YES;
				GCC_PREFIX_HEADER = "pzNavigationControllerLearning/pzNavigationControllerLearning-Prefix.pch";
				INFOPLIST_FILE = "pzNavigationControllerLearning/pzNavigationControllerLearning-Info.plist";
				PRODUCT_NAME = "$(TARGET_NAME)";
				WRAPPER_EXTENSION = app;
			};
			name = Debug;
		};
		8F0DEEED19A53292008C1F18 /* Release */ = {
			isa = XCBuildConfiguration;
			buildSettings = {
				ASSETCATALOG_COMPILER_APPICON_NAME = AppIcon;
				ASSETCATALOG_COMPILER_LAUNCHIMAGE_NAME = LaunchImage;
				GCC_PRECOMPILE_PREFIX_HEADER = YES;
				GCC_PREFIX_HEADER = "pzNavigationControllerLearning/pzNavigationControllerLearning-Prefix.pch";
				INFOPLIST_FILE = "pzNavigationControllerLearning/pzNavigationControllerLearning-Info.plist";
				PRODUCT_NAME = "$(TARGET_NAME)";
				WRAPPER_EXTENSION = app;
			};
			name = Release;
		};
		8F0DEEEF19A53292008C1F18 /* Debug */ = {
			isa = XCBuildConfiguration;
			buildSettings = {
				BUNDLE_LOADER = "$(BUILT_PRODUCTS_DIR)/pzNavigationControllerLearning.app/pzNavigationControllerLearning";
				FRAMEWORK_SEARCH_PATHS = (
					"$(SDKROOT)/Developer/Library/Frameworks",
					"$(inherited)",
					"$(DEVELOPER_FRAMEWORKS_DIR)",
				);
				GCC_PRECOMPILE_PREFIX_HEADER = YES;
				GCC_PREFIX_HEADER = "pzNavigationControllerLearning/pzNavigationControllerLearning-Prefix.pch";
				GCC_PREPROCESSOR_DEFINITIONS = (
					"DEBUG=1",
					"$(inherited)",
				);
				INFOPLIST_FILE = "pzNavigationControllerLearningTests/pzNavigationControllerLearningTests-Info.plist";
				PRODUCT_NAME = "$(TARGET_NAME)";
				TEST_HOST = "$(BUNDLE_LOADER)";
				WRAPPER_EXTENSION = xctest;
			};
			name = Debug;
		};
		8F0DEEF019A53292008C1F18 /* Release */ = {
			isa = XCBuildConfiguration;
			buildSettings = {
				BUNDLE_LOADER = "$(BUILT_PRODUCTS_DIR)/pzNavigationControllerLearning.app/pzNavigationControllerLearning";
				FRAMEWORK_SEARCH_PATHS = (
					"$(SDKROOT)/Developer/Library/Frameworks",
					"$(inherited)",
					"$(DEVELOPER_FRAMEWORKS_DIR)",
				);
				GCC_PRECOMPILE_PREFIX_HEADER = YES;
				GCC_PREFIX_HEADER = "pzNavigationControllerLearning/pzNavigationControllerLearning-Prefix.pch";
				INFOPLIST_FILE = "pzNavigationControllerLearningTests/pzNavigationControllerLearningTests-Info.plist";
				PRODUCT_NAME = "$(TARGET_NAME)";
				TEST_HOST = "$(BUNDLE_LOADER)";
				WRAPPER_EXTENSION = xctest;
			};
			name = Release;
		};
/* End XCBuildConfiguration section */

/* Begin XCConfigurationList section */
		8F0DEEB419A53292008C1F18 /* Build configuration list for PBXProject "pzNavigationControllerLearning" */ = {
			isa = XCConfigurationList;
			buildConfigurations = (
				8F0DEEE919A53292008C1F18 /* Debug */,
				8F0DEEEA19A53292008C1F18 /* Release */,
			);
			defaultConfigurationIsVisible = 0;
			defaultConfigurationName = Release;
		};
		8F0DEEEB19A53292008C1F18 /* Build configuration list for PBXNativeTarget "pzNavigationControllerLearning" */ = {
			isa = XCConfigurationList;
			buildConfigurations = (
				8F0DEEEC19A53292008C1F18 /* Debug */,
				8F0DEEED19A53292008C1F18 /* Release */,
			);
			defaultConfigurationIsVisible = 0;
		};
		8F0DEEEE19A53292008C1F18 /* Build configuration list for PBXNativeTarget "pzNavigationControllerLearningTests" */ = {
			isa = XCConfigurationList;
			buildConfigurations = (
				8F0DEEEF19A53292008C1F18 /* Debug */,
				8F0DEEF019A53292008C1F18 /* Release */,
			);
			defaultConfigurationIsVisible = 0;
		};
/* End XCConfigurationList section */
	};
	rootObject = 8F0DEEB119A53292008C1F18 /* Project object */;
}
