// !$*UTF8*$!
{
	archiveVersion = 1;
	classes = {
	};
	objectVersion = 46;
	objects = {

/* Begin PBXBuildFile section */
		8F514FCE196FBE31009C1F73 /* Foundation.framework in Frameworks */ = {isa = PBXBuildFile; fileRef = 8F514FCD196FBE31009C1F73 /* Foundation.framework */; };
		8F514FD0196FBE31009C1F73 /* CoreGraphics.framework in Frameworks */ = {isa = PBXBuildFile; fileRef = 8F514FCF196FBE31009C1F73 /* CoreGraphics.framework */; };
		8F514FD2196FBE31009C1F73 /* UIKit.framework in Frameworks */ = {isa = PBXBuildFile; fileRef = 8F514FD1196FBE31009C1F73 /* UIKit.framework */; };
		8F514FD8196FBE31009C1F73 /* InfoPlist.strings in Resources */ = {isa = PBXBuildFile; fileRef = 8F514FD6196FBE31009C1F73 /* InfoPlist.strings */; };
		8F514FDA196FBE31009C1F73 /* main.m in Sources */ = {isa = PBXBuildFile; fileRef = 8F514FD9196FBE31009C1F73 /* main.m */; };
		8F514FDE196FBE31009C1F73 /* AppDelegate.m in Sources */ = {isa = PBXBuildFile; fileRef = 8F514FDD196FBE31009C1F73 /* AppDelegate.m */; };
		8F514FE1196FBE31009C1F73 /* Main.storyboard in Resources */ = {isa = PBXBuildFile; fileRef = 8F514FDF196FBE31009C1F73 /* Main.storyboard */; };
		8F514FE4196FBE31009C1F73 /* ViewController.m in Sources */ = {isa = PBXBuildFile; fileRef = 8F514FE3196FBE31009C1F73 /* ViewController.m */; };
		8F514FE6196FBE31009C1F73 /* Images.xcassets in Resources */ = {isa = PBXBuildFile; fileRef = 8F514FE5196FBE31009C1F73 /* Images.xcassets */; };
		8F514FED196FBE31009C1F73 /* XCTest.framework in Frameworks */ = {isa = PBXBuildFile; fileRef = 8F514FEC196FBE31009C1F73 /* XCTest.framework */; };
		8F514FEE196FBE31009C1F73 /* Foundation.framework in Frameworks */ = {isa = PBXBuildFile; fileRef = 8F514FCD196FBE31009C1F73 /* Foundation.framework */; };
		8F514FEF196FBE31009C1F73 /* UIKit.framework in Frameworks */ = {isa = PBXBuildFile; fileRef = 8F514FD1196FBE31009C1F73 /* UIKit.framework */; };
		8F514FF7196FBE31009C1F73 /* InfoPlist.strings in Resources */ = {isa = PBXBuildFile; fileRef = 8F514FF5196FBE31009C1F73 /* InfoPlist.strings */; };
		8F514FF9196FBE31009C1F73 /* TippyTests.m in Sources */ = {isa = PBXBuildFile; fileRef = 8F514FF8196FBE31009C1F73 /* TippyTests.m */; };
		8F515004196FC05A009C1F73 /* tipViewContrilerViewController.m in Sources */ = {isa = PBXBuildFile; fileRef = 8F515003196FC05A009C1F73 /* tipViewContrilerViewController.m */; };
/* End PBXBuildFile section */

/* Begin PBXContainerItemProxy section */
		8F514FF0196FBE31009C1F73 /* PBXContainerItemProxy */ = {
			isa = PBXContainerItemProxy;
			containerPortal = 8F514FC2196FBE30009C1F73 /* Project object */;
			proxyType = 1;
			remoteGlobalIDString = 8F514FC9196FBE31009C1F73;
			remoteInfo = Tippy;
		};
/* End PBXContainerItemProxy section */

/* Begin PBXFileReference section */
		8F514FCA196FBE31009C1F73 /* Tippy.app */ = {isa = PBXFileReference; explicitFileType = wrapper.application; includeInIndex = 0; path = Tippy.app; sourceTree = BUILT_PRODUCTS_DIR; };
		8F514FCD196FBE31009C1F73 /* Foundation.framework */ = {isa = PBXFileReference; lastKnownFileType = wrapper.framework; name = Foundation.framework; path = System/Library/Frameworks/Foundation.framework; sourceTree = SDKROOT; };
		8F514FCF196FBE31009C1F73 /* CoreGraphics.framework */ = {isa = PBXFileReference; lastKnownFileType = wrapper.framework; name = CoreGraphics.framework; path = System/Library/Frameworks/CoreGraphics.framework; sourceTree = SDKROOT; };
		8F514FD1196FBE31009C1F73 /* UIKit.framework */ = {isa = PBXFileReference; lastKnownFileType = wrapper.framework; name = UIKit.framework; path = System/Library/Frameworks/UIKit.framework; sourceTree = SDKROOT; };
		8F514FD5196FBE31009C1F73 /* Tippy-Info.plist */ = {isa = PBXFileReference; lastKnownFileType = text.plist.xml; path = "Tippy-Info.plist"; sourceTree = "<group>"; };
		8F514FD7196FBE31009C1F73 /* en */ = {isa = PBXFileReference; lastKnownFileType = text.plist.strings; name = en; path = en.lproj/InfoPlist.strings; sourceTree = "<group>"; };
		8F514FD9196FBE31009C1F73 /* main.m */ = {isa = PBXFileReference; lastKnownFileType = sourcecode.c.objc; path = main.m; sourceTree = "<group>"; };
		8F514FDB196FBE31009C1F73 /* Tippy-Prefix.pch */ = {isa = PBXFileReference; lastKnownFileType = sourcecode.c.h; path = "Tippy-Prefix.pch"; sourceTree = "<group>"; };
		8F514FDC196FBE31009C1F73 /* AppDelegate.h */ = {isa = PBXFileReference; lastKnownFileType = sourcecode.c.h; path = AppDelegate.h; sourceTree = "<group>"; };
		8F514FDD196FBE31009C1F73 /* AppDelegate.m */ = {isa = PBXFileReference; lastKnownFileType = sourcecode.c.objc; path = AppDelegate.m; sourceTree = "<group>"; };
		8F514FE0196FBE31009C1F73 /* Base */ = {isa = PBXFileReference; lastKnownFileType = file.storyboard; name = Base; path = Base.lproj/Main.storyboard; sourceTree = "<group>"; };
		8F514FE2196FBE31009C1F73 /* ViewController.h */ = {isa = PBXFileReference; lastKnownFileType = sourcecode.c.h; path = ViewController.h; sourceTree = "<group>"; };
		8F514FE3196FBE31009C1F73 /* ViewController.m */ = {isa = PBXFileReference; lastKnownFileType = sourcecode.c.objc; path = ViewController.m; sourceTree = "<group>"; };
		8F514FE5196FBE31009C1F73 /* Images.xcassets */ = {isa = PBXFileReference; lastKnownFileType = folder.assetcatalog; path = Images.xcassets; sourceTree = "<group>"; };
		8F514FEB196FBE31009C1F73 /* TippyTests.xctest */ = {isa = PBXFileReference; explicitFileType = wrapper.cfbundle; includeInIndex = 0; path = TippyTests.xctest; sourceTree = BUILT_PRODUCTS_DIR; };
		8F514FEC196FBE31009C1F73 /* XCTest.framework */ = {isa = PBXFileReference; lastKnownFileType = wrapper.framework; name = XCTest.framework; path = Library/Frameworks/XCTest.framework; sourceTree = DEVELOPER_DIR; };
		8F514FF4196FBE31009C1F73 /* TippyTests-Info.plist */ = {isa = PBXFileReference; lastKnownFileType = text.plist.xml; path = "TippyTests-Info.plist"; sourceTree = "<group>"; };
		8F514FF6196FBE31009C1F73 /* en */ = {isa = PBXFileReference; lastKnownFileType = text.plist.strings; name = en; path = en.lproj/InfoPlist.strings; sourceTree = "<group>"; };
		8F514FF8196FBE31009C1F73 /* TippyTests.m */ = {isa = PBXFileReference; lastKnownFileType = sourcecode.c.objc; path = TippyTests.m; sourceTree = "<group>"; };
		8F515002196FC05A009C1F73 /* tipViewContrilerViewController.h */ = {isa = PBXFileReference; fileEncoding = 4; lastKnownFileType = sourcecode.c.h; path = tipViewContrilerViewController.h; sourceTree = "<group>"; };
		8F515003196FC05A009C1F73 /* tipViewContrilerViewController.m */ = {isa = PBXFileReference; fileEncoding = 4; lastKnownFileType = sourcecode.c.objc; path = tipViewContrilerViewController.m; sourceTree = "<group>"; };
/* End PBXFileReference section */

/* Begin PBXFrameworksBuildPhase section */
		8F514FC7196FBE31009C1F73 /* Frameworks */ = {
			isa = PBXFrameworksBuildPhase;
			buildActionMask = 2147483647;
			files = (
				8F514FD0196FBE31009C1F73 /* CoreGraphics.framework in Frameworks */,
				8F514FD2196FBE31009C1F73 /* UIKit.framework in Frameworks */,
				8F514FCE196FBE31009C1F73 /* Foundation.framework in Frameworks */,
			);
			runOnlyForDeploymentPostprocessing = 0;
		};
		8F514FE8196FBE31009C1F73 /* Frameworks */ = {
			isa = PBXFrameworksBuildPhase;
			buildActionMask = 2147483647;
			files = (
				8F514FED196FBE31009C1F73 /* XCTest.framework in Frameworks */,
				8F514FEF196FBE31009C1F73 /* UIKit.framework in Frameworks */,
				8F514FEE196FBE31009C1F73 /* Foundation.framework in Frameworks */,
			);
			runOnlyForDeploymentPostprocessing = 0;
		};
/* End PBXFrameworksBuildPhase section */

/* Begin PBXGroup section */
		8F514FC1196FBE30009C1F73 = {
			isa = PBXGroup;
			children = (
				8F514FD3196FBE31009C1F73 /* Tippy */,
				8F514FF2196FBE31009C1F73 /* TippyTests */,
				8F514FCC196FBE31009C1F73 /* Frameworks */,
				8F514FCB196FBE31009C1F73 /* Products */,
			);
			sourceTree = "<group>";
		};
		8F514FCB196FBE31009C1F73 /* Products */ = {
			isa = PBXGroup;
			children = (
				8F514FCA196FBE31009C1F73 /* Tippy.app */,
				8F514FEB196FBE31009C1F73 /* TippyTests.xctest */,
			);
			name = Products;
			sourceTree = "<group>";
		};
		8F514FCC196FBE31009C1F73 /* Frameworks */ = {
			isa = PBXGroup;
			children = (
				8F514FCD196FBE31009C1F73 /* Foundation.framework */,
				8F514FCF196FBE31009C1F73 /* CoreGraphics.framework */,
				8F514FD1196FBE31009C1F73 /* UIKit.framework */,
				8F514FEC196FBE31009C1F73 /* XCTest.framework */,
			);
			name = Frameworks;
			sourceTree = "<group>";
		};
		8F514FD3196FBE31009C1F73 /* Tippy */ = {
			isa = PBXGroup;
			children = (
				8F514FDF196FBE31009C1F73 /* Main.storyboard */,
				8F515002196FC05A009C1F73 /* tipViewContrilerViewController.h */,
				8F515003196FC05A009C1F73 /* tipViewContrilerViewController.m */,
				8F514FE2196FBE31009C1F73 /* ViewController.h */,
				8F514FE3196FBE31009C1F73 /* ViewController.m */,
				8F514FE5196FBE31009C1F73 /* Images.xcassets */,
				8F514FD4196FBE31009C1F73 /* Supporting Files */,
			);
			path = Tippy;
			sourceTree = "<group>";
		};
		8F514FD4196FBE31009C1F73 /* Supporting Files */ = {
			isa = PBXGroup;
			children = (
				8F514FDC196FBE31009C1F73 /* AppDelegate.h */,
				8F514FDD196FBE31009C1F73 /* AppDelegate.m */,
				8F514FD5196FBE31009C1F73 /* Tippy-Info.plist */,
				8F514FD6196FBE31009C1F73 /* InfoPlist.strings */,
				8F514FD9196FBE31009C1F73 /* main.m */,
				8F514FDB196FBE31009C1F73 /* Tippy-Prefix.pch */,
			);
			name = "Supporting Files";
			sourceTree = "<group>";
		};
		8F514FF2196FBE31009C1F73 /* TippyTests */ = {
			isa = PBXGroup;
			children = (
				8F514FF8196FBE31009C1F73 /* TippyTests.m */,
				8F514FF3196FBE31009C1F73 /* Supporting Files */,
			);
			path = TippyTests;
			sourceTree = "<group>";
		};
		8F514FF3196FBE31009C1F73 /* Supporting Files */ = {
			isa = PBXGroup;
			children = (
				8F514FF4196FBE31009C1F73 /* TippyTests-Info.plist */,
				8F514FF5196FBE31009C1F73 /* InfoPlist.strings */,
			);
			name = "Supporting Files";
			sourceTree = "<group>";
		};
/* End PBXGroup section */

/* Begin PBXNativeTarget section */
		8F514FC9196FBE31009C1F73 /* Tippy */ = {
			isa = PBXNativeTarget;
			buildConfigurationList = 8F514FFC196FBE31009C1F73 /* Build configuration list for PBXNativeTarget "Tippy" */;
			buildPhases = (
				8F514FC6196FBE31009C1F73 /* Sources */,
				8F514FC7196FBE31009C1F73 /* Frameworks */,
				8F514FC8196FBE31009C1F73 /* Resources */,
			);
			buildRules = (
			);
			dependencies = (
			);
			name = Tippy;
			productName = Tippy;
			productReference = 8F514FCA196FBE31009C1F73 /* Tippy.app */;
			productType = "com.apple.product-type.application";
		};
		8F514FEA196FBE31009C1F73 /* TippyTests */ = {
			isa = PBXNativeTarget;
			buildConfigurationList = 8F514FFF196FBE31009C1F73 /* Build configuration list for PBXNativeTarget "TippyTests" */;
			buildPhases = (
				8F514FE7196FBE31009C1F73 /* Sources */,
				8F514FE8196FBE31009C1F73 /* Frameworks */,
				8F514FE9196FBE31009C1F73 /* Resources */,
			);
			buildRules = (
			);
			dependencies = (
				8F514FF1196FBE31009C1F73 /* PBXTargetDependency */,
			);
			name = TippyTests;
			productName = TippyTests;
			productReference = 8F514FEB196FBE31009C1F73 /* TippyTests.xctest */;
			productType = "com.apple.product-type.bundle.unit-test";
		};
/* End PBXNativeTarget section */

/* Begin PBXProject section */
		8F514FC2196FBE30009C1F73 /* Project object */ = {
			isa = PBXProject;
			attributes = {
				LastUpgradeCheck = 0510;
				ORGANIZATIONNAME = com.6pingblky;
				TargetAttributes = {
					8F514FEA196FBE31009C1F73 = {
						TestTargetID = 8F514FC9196FBE31009C1F73;
					};
				};
			};
			buildConfigurationList = 8F514FC5196FBE30009C1F73 /* Build configuration list for PBXProject "Tippy" */;
			compatibilityVersion = "Xcode 3.2";
			developmentRegion = English;
			hasScannedForEncodings = 0;
			knownRegions = (
				en,
				Base,
			);
			mainGroup = 8F514FC1196FBE30009C1F73;
			productRefGroup = 8F514FCB196FBE31009C1F73 /* Products */;
			projectDirPath = "";
			projectRoot = "";
			targets = (
				8F514FC9196FBE31009C1F73 /* Tippy */,
				8F514FEA196FBE31009C1F73 /* TippyTests */,
			);
		};
/* End PBXProject section */

/* Begin PBXResourcesBuildPhase section */
		8F514FC8196FBE31009C1F73 /* Resources */ = {
			isa = PBXResourcesBuildPhase;
			buildActionMask = 2147483647;
			files = (
				8F514FE6196FBE31009C1F73 /* Images.xcassets in Resources */,
				8F514FD8196FBE31009C1F73 /* InfoPlist.strings in Resources */,
				8F514FE1196FBE31009C1F73 /* Main.storyboard in Resources */,
			);
			runOnlyForDeploymentPostprocessing = 0;
		};
		8F514FE9196FBE31009C1F73 /* Resources */ = {
			isa = PBXResourcesBuildPhase;
			buildActionMask = 2147483647;
			files = (
				8F514FF7196FBE31009C1F73 /* InfoPlist.strings in Resources */,
			);
			runOnlyForDeploymentPostprocessing = 0;
		};
/* End PBXResourcesBuildPhase section */

/* Begin PBXSourcesBuildPhase section */
		8F514FC6196FBE31009C1F73 /* Sources */ = {
			isa = PBXSourcesBuildPhase;
			buildActionMask = 2147483647;
			files = (
				8F515004196FC05A009C1F73 /* tipViewContrilerViewController.m in Sources */,
				8F514FE4196FBE31009C1F73 /* ViewController.m in Sources */,
				8F514FDE196FBE31009C1F73 /* AppDelegate.m in Sources */,
				8F514FDA196FBE31009C1F73 /* main.m in Sources */,
			);
			runOnlyForDeploymentPostprocessing = 0;
		};
		8F514FE7196FBE31009C1F73 /* Sources */ = {
			isa = PBXSourcesBuildPhase;
			buildActionMask = 2147483647;
			files = (
				8F514FF9196FBE31009C1F73 /* TippyTests.m in Sources */,
			);
			runOnlyForDeploymentPostprocessing = 0;
		};
/* End PBXSourcesBuildPhase section */

/* Begin PBXTargetDependency section */
		8F514FF1196FBE31009C1F73 /* PBXTargetDependency */ = {
			isa = PBXTargetDependency;
			target = 8F514FC9196FBE31009C1F73 /* Tippy */;
			targetProxy = 8F514FF0196FBE31009C1F73 /* PBXContainerItemProxy */;
		};
/* End PBXTargetDependency section */

/* Begin PBXVariantGroup section */
		8F514FD6196FBE31009C1F73 /* InfoPlist.strings */ = {
			isa = PBXVariantGroup;
			children = (
				8F514FD7196FBE31009C1F73 /* en */,
			);
			name = InfoPlist.strings;
			sourceTree = "<group>";
		};
		8F514FDF196FBE31009C1F73 /* Main.storyboard */ = {
			isa = PBXVariantGroup;
			children = (
				8F514FE0196FBE31009C1F73 /* Base */,
			);
			name = Main.storyboard;
			sourceTree = "<group>";
		};
		8F514FF5196FBE31009C1F73 /* InfoPlist.strings */ = {
			isa = PBXVariantGroup;
			children = (
				8F514FF6196FBE31009C1F73 /* en */,
			);
			name = InfoPlist.strings;
			sourceTree = "<group>";
		};
/* End PBXVariantGroup section */

/* Begin XCBuildConfiguration section */
		8F514FFA196FBE31009C1F73 /* Debug */ = {
			isa = XCBuildConfiguration;
			buildSettings = {
				ALWAYS_SEARCH_USER_PATHS = NO;
				CLANG_CXX_LANGUAGE_STANDARD = "gnu++0x";
				CLANG_CXX_LIBRARY = "libc++";
				CLANG_ENABLE_MODULES = YES;
				CLANG_ENABLE_OBJC_ARC = YES;
				CLANG_WARN_BOOL_CONVERSION = YES;
				CLANG_WARN_CONSTANT_CONVERSION = YES;
				CLANG_WARN_DIRECT_OBJC_ISA_USAGE = YES_ERROR;
				CLANG_WARN_EMPTY_BODY = YES;
				CLANG_WARN_ENUM_CONVERSION = YES;
				CLANG_WARN_INT_CONVERSION = YES;
				CLANG_WARN_OBJC_ROOT_CLASS = YES_ERROR;
				CLANG_WARN__DUPLICATE_METHOD_MATCH = YES;
				"CODE_SIGN_IDENTITY[sdk=iphoneos*]" = "iPhone Developer";
				COPY_PHASE_STRIP = NO;
				GCC_C_LANGUAGE_STANDARD = gnu99;
				GCC_DYNAMIC_NO_PIC = NO;
				GCC_OPTIMIZATION_LEVEL = 0;
				GCC_PREPROCESSOR_DEFINITIONS = (
					"DEBUG=1",
					"$(inherited)",
				);
				GCC_SYMBOLS_PRIVATE_EXTERN = NO;
				GCC_WARN_64_TO_32_BIT_CONVERSION = YES;
				GCC_WARN_ABOUT_RETURN_TYPE = YES_ERROR;
				GCC_WARN_UNDECLARED_SELECTOR = YES;
				GCC_WARN_UNINITIALIZED_AUTOS = YES_AGGRESSIVE;
				GCC_WARN_UNUSED_FUNCTION = YES;
				GCC_WARN_UNUSED_VARIABLE = YES;
				IPHONEOS_DEPLOYMENT_TARGET = 7.1;
				ONLY_ACTIVE_ARCH = YES;
				SDKROOT = iphoneos;
			};
			name = Debug;
		};
		8F514FFB196FBE31009C1F73 /* Release */ = {
			isa = XCBuildConfiguration;
			buildSettings = {
				ALWAYS_SEARCH_USER_PATHS = NO;
				CLANG_CXX_LANGUAGE_STANDARD = "gnu++0x";
				CLANG_CXX_LIBRARY = "libc++";
				CLANG_ENABLE_MODULES = YES;
				CLANG_ENABLE_OBJC_ARC = YES;
				CLANG_WARN_BOOL_CONVERSION = YES;
				CLANG_WARN_CONSTANT_CONVERSION = YES;
				CLANG_WARN_DIRECT_OBJC_ISA_USAGE = YES_ERROR;
				CLANG_WARN_EMPTY_BODY = YES;
				CLANG_WARN_ENUM_CONVERSION = YES;
				CLANG_WARN_INT_CONVERSION = YES;
				CLANG_WARN_OBJC_ROOT_CLASS = YES_ERROR;
				CLANG_WARN__DUPLICATE_METHOD_MATCH = YES;
				"CODE_SIGN_IDENTITY[sdk=iphoneos*]" = "iPhone Developer";
				COPY_PHASE_STRIP = YES;
				ENABLE_NS_ASSERTIONS = NO;
				GCC_C_LANGUAGE_STANDARD = gnu99;
				GCC_WARN_64_TO_32_BIT_CONVERSION = YES;
				GCC_WARN_ABOUT_RETURN_TYPE = YES_ERROR;
				GCC_WARN_UNDECLARED_SELECTOR = YES;
				GCC_WARN_UNINITIALIZED_AUTOS = YES_AGGRESSIVE;
				GCC_WARN_UNUSED_FUNCTION = YES;
				GCC_WARN_UNUSED_VARIABLE = YES;
				IPHONEOS_DEPLOYMENT_TARGET = 7.1;
				SDKROOT = iphoneos;
				VALIDATE_PRODUCT = YES;
			};
			name = Release;
		};
		8F514FFD196FBE31009C1F73 /* Debug */ = {
			isa = XCBuildConfiguration;
			buildSettings = {
				ASSETCATALOG_COMPILER_APPICON_NAME = AppIcon;
				ASSETCATALOG_COMPILER_LAUNCHIMAGE_NAME = LaunchImage;
				GCC_PRECOMPILE_PREFIX_HEADER = YES;
				GCC_PREFIX_HEADER = "Tippy/Tippy-Prefix.pch";
				INFOPLIST_FILE = "Tippy/Tippy-Info.plist";
				PRODUCT_NAME = "$(TARGET_NAME)";
				WRAPPER_EXTENSION = app;
			};
			name = Debug;
		};
		8F514FFE196FBE31009C1F73 /* Release */ = {
			isa = XCBuildConfiguration;
			buildSettings = {
				ASSETCATALOG_COMPILER_APPICON_NAME = AppIcon;
				ASSETCATALOG_COMPILER_LAUNCHIMAGE_NAME = LaunchImage;
				GCC_PRECOMPILE_PREFIX_HEADER = YES;
				GCC_PREFIX_HEADER = "Tippy/Tippy-Prefix.pch";
				INFOPLIST_FILE = "Tippy/Tippy-Info.plist";
				PRODUCT_NAME = "$(TARGET_NAME)";
				WRAPPER_EXTENSION = app;
			};
			name = Release;
		};
		8F515000196FBE31009C1F73 /* Debug */ = {
			isa = XCBuildConfiguration;
			buildSettings = {
				BUNDLE_LOADER = "$(BUILT_PRODUCTS_DIR)/Tippy.app/Tippy";
				FRAMEWORK_SEARCH_PATHS = (
					"$(SDKROOT)/Developer/Library/Frameworks",
					"$(inherited)",
					"$(DEVELOPER_FRAMEWORKS_DIR)",
				);
				GCC_PRECOMPILE_PREFIX_HEADER = YES;
				GCC_PREFIX_HEADER = "Tippy/Tippy-Prefix.pch";
				GCC_PREPROCESSOR_DEFINITIONS = (
					"DEBUG=1",
					"$(inherited)",
				);
				INFOPLIST_FILE = "TippyTests/TippyTests-Info.plist";
				PRODUCT_NAME = "$(TARGET_NAME)";
				TEST_HOST = "$(BUNDLE_LOADER)";
				WRAPPER_EXTENSION = xctest;
			};
			name = Debug;
		};
		8F515001196FBE31009C1F73 /* Release */ = {
			isa = XCBuildConfiguration;
			buildSettings = {
				BUNDLE_LOADER = "$(BUILT_PRODUCTS_DIR)/Tippy.app/Tippy";
				FRAMEWORK_SEARCH_PATHS = (
					"$(SDKROOT)/Developer/Library/Frameworks",
					"$(inherited)",
					"$(DEVELOPER_FRAMEWORKS_DIR)",
				);
				GCC_PRECOMPILE_PREFIX_HEADER = YES;
				GCC_PREFIX_HEADER = "Tippy/Tippy-Prefix.pch";
				INFOPLIST_FILE = "TippyTests/TippyTests-Info.plist";
				PRODUCT_NAME = "$(TARGET_NAME)";
				TEST_HOST = "$(BUNDLE_LOADER)";
				WRAPPER_EXTENSION = xctest;
			};
			name = Release;
		};
/* End XCBuildConfiguration section */

/* Begin XCConfigurationList section */
		8F514FC5196FBE30009C1F73 /* Build configuration list for PBXProject "Tippy" */ = {
			isa = XCConfigurationList;
			buildConfigurations = (
				8F514FFA196FBE31009C1F73 /* Debug */,
				8F514FFB196FBE31009C1F73 /* Release */,
			);
			defaultConfigurationIsVisible = 0;
			defaultConfigurationName = Release;
		};
		8F514FFC196FBE31009C1F73 /* Build configuration list for PBXNativeTarget "Tippy" */ = {
			isa = XCConfigurationList;
			buildConfigurations = (
				8F514FFD196FBE31009C1F73 /* Debug */,
				8F514FFE196FBE31009C1F73 /* Release */,
			);
			defaultConfigurationIsVisible = 0;
		};
		8F514FFF196FBE31009C1F73 /* Build configuration list for PBXNativeTarget "TippyTests" */ = {
			isa = XCConfigurationList;
			buildConfigurations = (
				8F515000196FBE31009C1F73 /* Debug */,
				8F515001196FBE31009C1F73 /* Release */,
			);
			defaultConfigurationIsVisible = 0;
		};
/* End XCConfigurationList section */
	};
	rootObject = 8F514FC2196FBE30009C1F73 /* Project object */;
}
