// !$*UTF8*$!
{
	archiveVersion = 1;
	classes = {
	};
	objectVersion = 46;
	objects = {

/* Begin PBXBuildFile section */
		8FB6F6BA19A3B6DD00DE55EC /* Foundation.framework in Frameworks */ = {isa = PBXBuildFile; fileRef = 8FB6F6B919A3B6DD00DE55EC /* Foundation.framework */; };
		8FB6F6BC19A3B6DD00DE55EC /* CoreGraphics.framework in Frameworks */ = {isa = PBXBuildFile; fileRef = 8FB6F6BB19A3B6DD00DE55EC /* CoreGraphics.framework */; };
		8FB6F6BE19A3B6DD00DE55EC /* UIKit.framework in Frameworks */ = {isa = PBXBuildFile; fileRef = 8FB6F6BD19A3B6DD00DE55EC /* UIKit.framework */; };
		8FB6F6C419A3B6DD00DE55EC /* InfoPlist.strings in Resources */ = {isa = PBXBuildFile; fileRef = 8FB6F6C219A3B6DD00DE55EC /* InfoPlist.strings */; };
		8FB6F6C619A3B6DD00DE55EC /* main.m in Sources */ = {isa = PBXBuildFile; fileRef = 8FB6F6C519A3B6DD00DE55EC /* main.m */; };
		8FB6F6CA19A3B6DD00DE55EC /* AppDelegate.m in Sources */ = {isa = PBXBuildFile; fileRef = 8FB6F6C919A3B6DD00DE55EC /* AppDelegate.m */; };
		8FB6F6CD19A3B6DD00DE55EC /* Main.storyboard in Resources */ = {isa = PBXBuildFile; fileRef = 8FB6F6CB19A3B6DD00DE55EC /* Main.storyboard */; };
		8FB6F6D019A3B6DD00DE55EC /* ViewController.m in Sources */ = {isa = PBXBuildFile; fileRef = 8FB6F6CF19A3B6DD00DE55EC /* ViewController.m */; };
		8FB6F6D219A3B6DD00DE55EC /* Images.xcassets in Resources */ = {isa = PBXBuildFile; fileRef = 8FB6F6D119A3B6DD00DE55EC /* Images.xcassets */; };
		8FB6F6D919A3B6DD00DE55EC /* XCTest.framework in Frameworks */ = {isa = PBXBuildFile; fileRef = 8FB6F6D819A3B6DD00DE55EC /* XCTest.framework */; };
		8FB6F6DA19A3B6DD00DE55EC /* Foundation.framework in Frameworks */ = {isa = PBXBuildFile; fileRef = 8FB6F6B919A3B6DD00DE55EC /* Foundation.framework */; };
		8FB6F6DB19A3B6DD00DE55EC /* UIKit.framework in Frameworks */ = {isa = PBXBuildFile; fileRef = 8FB6F6BD19A3B6DD00DE55EC /* UIKit.framework */; };
		8FB6F6E319A3B6DD00DE55EC /* InfoPlist.strings in Resources */ = {isa = PBXBuildFile; fileRef = 8FB6F6E119A3B6DD00DE55EC /* InfoPlist.strings */; };
		8FB6F6E519A3B6DD00DE55EC /* pzDatePickerlearningTests.m in Sources */ = {isa = PBXBuildFile; fileRef = 8FB6F6E419A3B6DD00DE55EC /* pzDatePickerlearningTests.m */; };
/* End PBXBuildFile section */

/* Begin PBXContainerItemProxy section */
		8FB6F6DC19A3B6DD00DE55EC /* PBXContainerItemProxy */ = {
			isa = PBXContainerItemProxy;
			containerPortal = 8FB6F6AE19A3B6DD00DE55EC /* Project object */;
			proxyType = 1;
			remoteGlobalIDString = 8FB6F6B519A3B6DD00DE55EC;
			remoteInfo = pzDatePickerlearning;
		};
/* End PBXContainerItemProxy section */

/* Begin PBXFileReference section */
		8FB6F6B619A3B6DD00DE55EC /* pzDatePickerlearning.app */ = {isa = PBXFileReference; explicitFileType = wrapper.application; includeInIndex = 0; path = pzDatePickerlearning.app; sourceTree = BUILT_PRODUCTS_DIR; };
		8FB6F6B919A3B6DD00DE55EC /* Foundation.framework */ = {isa = PBXFileReference; lastKnownFileType = wrapper.framework; name = Foundation.framework; path = System/Library/Frameworks/Foundation.framework; sourceTree = SDKROOT; };
		8FB6F6BB19A3B6DD00DE55EC /* CoreGraphics.framework */ = {isa = PBXFileReference; lastKnownFileType = wrapper.framework; name = CoreGraphics.framework; path = System/Library/Frameworks/CoreGraphics.framework; sourceTree = SDKROOT; };
		8FB6F6BD19A3B6DD00DE55EC /* UIKit.framework */ = {isa = PBXFileReference; lastKnownFileType = wrapper.framework; name = UIKit.framework; path = System/Library/Frameworks/UIKit.framework; sourceTree = SDKROOT; };
		8FB6F6C119A3B6DD00DE55EC /* pzDatePickerlearning-Info.plist */ = {isa = PBXFileReference; lastKnownFileType = text.plist.xml; path = "pzDatePickerlearning-Info.plist"; sourceTree = "<group>"; };
		8FB6F6C319A3B6DD00DE55EC /* en */ = {isa = PBXFileReference; lastKnownFileType = text.plist.strings; name = en; path = en.lproj/InfoPlist.strings; sourceTree = "<group>"; };
		8FB6F6C519A3B6DD00DE55EC /* main.m */ = {isa = PBXFileReference; lastKnownFileType = sourcecode.c.objc; path = main.m; sourceTree = "<group>"; };
		8FB6F6C719A3B6DD00DE55EC /* pzDatePickerlearning-Prefix.pch */ = {isa = PBXFileReference; lastKnownFileType = sourcecode.c.h; path = "pzDatePickerlearning-Prefix.pch"; sourceTree = "<group>"; };
		8FB6F6C819A3B6DD00DE55EC /* AppDelegate.h */ = {isa = PBXFileReference; lastKnownFileType = sourcecode.c.h; path = AppDelegate.h; sourceTree = "<group>"; };
		8FB6F6C919A3B6DD00DE55EC /* AppDelegate.m */ = {isa = PBXFileReference; lastKnownFileType = sourcecode.c.objc; path = AppDelegate.m; sourceTree = "<group>"; };
		8FB6F6CC19A3B6DD00DE55EC /* Base */ = {isa = PBXFileReference; lastKnownFileType = file.storyboard; name = Base; path = Base.lproj/Main.storyboard; sourceTree = "<group>"; };
		8FB6F6CE19A3B6DD00DE55EC /* ViewController.h */ = {isa = PBXFileReference; lastKnownFileType = sourcecode.c.h; path = ViewController.h; sourceTree = "<group>"; };
		8FB6F6CF19A3B6DD00DE55EC /* ViewController.m */ = {isa = PBXFileReference; lastKnownFileType = sourcecode.c.objc; path = ViewController.m; sourceTree = "<group>"; };
		8FB6F6D119A3B6DD00DE55EC /* Images.xcassets */ = {isa = PBXFileReference; lastKnownFileType = folder.assetcatalog; path = Images.xcassets; sourceTree = "<group>"; };
		8FB6F6D719A3B6DD00DE55EC /* pzDatePickerlearningTests.xctest */ = {isa = PBXFileReference; explicitFileType = wrapper.cfbundle; includeInIndex = 0; path = pzDatePickerlearningTests.xctest; sourceTree = BUILT_PRODUCTS_DIR; };
		8FB6F6D819A3B6DD00DE55EC /* XCTest.framework */ = {isa = PBXFileReference; lastKnownFileType = wrapper.framework; name = XCTest.framework; path = Library/Frameworks/XCTest.framework; sourceTree = DEVELOPER_DIR; };
		8FB6F6E019A3B6DD00DE55EC /* pzDatePickerlearningTests-Info.plist */ = {isa = PBXFileReference; lastKnownFileType = text.plist.xml; path = "pzDatePickerlearningTests-Info.plist"; sourceTree = "<group>"; };
		8FB6F6E219A3B6DD00DE55EC /* en */ = {isa = PBXFileReference; lastKnownFileType = text.plist.strings; name = en; path = en.lproj/InfoPlist.strings; sourceTree = "<group>"; };
		8FB6F6E419A3B6DD00DE55EC /* pzDatePickerlearningTests.m */ = {isa = PBXFileReference; lastKnownFileType = sourcecode.c.objc; path = pzDatePickerlearningTests.m; sourceTree = "<group>"; };
/* End PBXFileReference section */

/* Begin PBXFrameworksBuildPhase section */
		8FB6F6B319A3B6DD00DE55EC /* Frameworks */ = {
			isa = PBXFrameworksBuildPhase;
			buildActionMask = 2147483647;
			files = (
				8FB6F6BC19A3B6DD00DE55EC /* CoreGraphics.framework in Frameworks */,
				8FB6F6BE19A3B6DD00DE55EC /* UIKit.framework in Frameworks */,
				8FB6F6BA19A3B6DD00DE55EC /* Foundation.framework in Frameworks */,
			);
			runOnlyForDeploymentPostprocessing = 0;
		};
		8FB6F6D419A3B6DD00DE55EC /* Frameworks */ = {
			isa = PBXFrameworksBuildPhase;
			buildActionMask = 2147483647;
			files = (
				8FB6F6D919A3B6DD00DE55EC /* XCTest.framework in Frameworks */,
				8FB6F6DB19A3B6DD00DE55EC /* UIKit.framework in Frameworks */,
				8FB6F6DA19A3B6DD00DE55EC /* Foundation.framework in Frameworks */,
			);
			runOnlyForDeploymentPostprocessing = 0;
		};
/* End PBXFrameworksBuildPhase section */

/* Begin PBXGroup section */
		8FB6F6AD19A3B6DD00DE55EC = {
			isa = PBXGroup;
			children = (
				8FB6F6BF19A3B6DD00DE55EC /* pzDatePickerlearning */,
				8FB6F6DE19A3B6DD00DE55EC /* pzDatePickerlearningTests */,
				8FB6F6B819A3B6DD00DE55EC /* Frameworks */,
				8FB6F6B719A3B6DD00DE55EC /* Products */,
			);
			sourceTree = "<group>";
		};
		8FB6F6B719A3B6DD00DE55EC /* Products */ = {
			isa = PBXGroup;
			children = (
				8FB6F6B619A3B6DD00DE55EC /* pzDatePickerlearning.app */,
				8FB6F6D719A3B6DD00DE55EC /* pzDatePickerlearningTests.xctest */,
			);
			name = Products;
			sourceTree = "<group>";
		};
		8FB6F6B819A3B6DD00DE55EC /* Frameworks */ = {
			isa = PBXGroup;
			children = (
				8FB6F6B919A3B6DD00DE55EC /* Foundation.framework */,
				8FB6F6BB19A3B6DD00DE55EC /* CoreGraphics.framework */,
				8FB6F6BD19A3B6DD00DE55EC /* UIKit.framework */,
				8FB6F6D819A3B6DD00DE55EC /* XCTest.framework */,
			);
			name = Frameworks;
			sourceTree = "<group>";
		};
		8FB6F6BF19A3B6DD00DE55EC /* pzDatePickerlearning */ = {
			isa = PBXGroup;
			children = (
				8FB6F6C819A3B6DD00DE55EC /* AppDelegate.h */,
				8FB6F6C919A3B6DD00DE55EC /* AppDelegate.m */,
				8FB6F6CB19A3B6DD00DE55EC /* Main.storyboard */,
				8FB6F6CE19A3B6DD00DE55EC /* ViewController.h */,
				8FB6F6CF19A3B6DD00DE55EC /* ViewController.m */,
				8FB6F6D119A3B6DD00DE55EC /* Images.xcassets */,
				8FB6F6C019A3B6DD00DE55EC /* Supporting Files */,
			);
			path = pzDatePickerlearning;
			sourceTree = "<group>";
		};
		8FB6F6C019A3B6DD00DE55EC /* Supporting Files */ = {
			isa = PBXGroup;
			children = (
				8FB6F6C119A3B6DD00DE55EC /* pzDatePickerlearning-Info.plist */,
				8FB6F6C219A3B6DD00DE55EC /* InfoPlist.strings */,
				8FB6F6C519A3B6DD00DE55EC /* main.m */,
				8FB6F6C719A3B6DD00DE55EC /* pzDatePickerlearning-Prefix.pch */,
			);
			name = "Supporting Files";
			sourceTree = "<group>";
		};
		8FB6F6DE19A3B6DD00DE55EC /* pzDatePickerlearningTests */ = {
			isa = PBXGroup;
			children = (
				8FB6F6E419A3B6DD00DE55EC /* pzDatePickerlearningTests.m */,
				8FB6F6DF19A3B6DD00DE55EC /* Supporting Files */,
			);
			path = pzDatePickerlearningTests;
			sourceTree = "<group>";
		};
		8FB6F6DF19A3B6DD00DE55EC /* Supporting Files */ = {
			isa = PBXGroup;
			children = (
				8FB6F6E019A3B6DD00DE55EC /* pzDatePickerlearningTests-Info.plist */,
				8FB6F6E119A3B6DD00DE55EC /* InfoPlist.strings */,
			);
			name = "Supporting Files";
			sourceTree = "<group>";
		};
/* End PBXGroup section */

/* Begin PBXNativeTarget section */
		8FB6F6B519A3B6DD00DE55EC /* pzDatePickerlearning */ = {
			isa = PBXNativeTarget;
			buildConfigurationList = 8FB6F6E819A3B6DD00DE55EC /* Build configuration list for PBXNativeTarget "pzDatePickerlearning" */;
			buildPhases = (
				8FB6F6B219A3B6DD00DE55EC /* Sources */,
				8FB6F6B319A3B6DD00DE55EC /* Frameworks */,
				8FB6F6B419A3B6DD00DE55EC /* Resources */,
			);
			buildRules = (
			);
			dependencies = (
			);
			name = pzDatePickerlearning;
			productName = pzDatePickerlearning;
			productReference = 8FB6F6B619A3B6DD00DE55EC /* pzDatePickerlearning.app */;
			productType = "com.apple.product-type.application";
		};
		8FB6F6D619A3B6DD00DE55EC /* pzDatePickerlearningTests */ = {
			isa = PBXNativeTarget;
			buildConfigurationList = 8FB6F6EB19A3B6DD00DE55EC /* Build configuration list for PBXNativeTarget "pzDatePickerlearningTests" */;
			buildPhases = (
				8FB6F6D319A3B6DD00DE55EC /* Sources */,
				8FB6F6D419A3B6DD00DE55EC /* Frameworks */,
				8FB6F6D519A3B6DD00DE55EC /* Resources */,
			);
			buildRules = (
			);
			dependencies = (
				8FB6F6DD19A3B6DD00DE55EC /* PBXTargetDependency */,
			);
			name = pzDatePickerlearningTests;
			productName = pzDatePickerlearningTests;
			productReference = 8FB6F6D719A3B6DD00DE55EC /* pzDatePickerlearningTests.xctest */;
			productType = "com.apple.product-type.bundle.unit-test";
		};
/* End PBXNativeTarget section */

/* Begin PBXProject section */
		8FB6F6AE19A3B6DD00DE55EC /* Project object */ = {
			isa = PBXProject;
			attributes = {
				LastUpgradeCheck = 0510;
				ORGANIZATIONNAME = com.6pingblky;
				TargetAttributes = {
					8FB6F6D619A3B6DD00DE55EC = {
						TestTargetID = 8FB6F6B519A3B6DD00DE55EC;
					};
				};
			};
			buildConfigurationList = 8FB6F6B119A3B6DD00DE55EC /* Build configuration list for PBXProject "pzDatePickerlearning" */;
			compatibilityVersion = "Xcode 3.2";
			developmentRegion = English;
			hasScannedForEncodings = 0;
			knownRegions = (
				en,
				Base,
			);
			mainGroup = 8FB6F6AD19A3B6DD00DE55EC;
			productRefGroup = 8FB6F6B719A3B6DD00DE55EC /* Products */;
			projectDirPath = "";
			projectRoot = "";
			targets = (
				8FB6F6B519A3B6DD00DE55EC /* pzDatePickerlearning */,
				8FB6F6D619A3B6DD00DE55EC /* pzDatePickerlearningTests */,
			);
		};
/* End PBXProject section */

/* Begin PBXResourcesBuildPhase section */
		8FB6F6B419A3B6DD00DE55EC /* Resources */ = {
			isa = PBXResourcesBuildPhase;
			buildActionMask = 2147483647;
			files = (
				8FB6F6D219A3B6DD00DE55EC /* Images.xcassets in Resources */,
				8FB6F6C419A3B6DD00DE55EC /* InfoPlist.strings in Resources */,
				8FB6F6CD19A3B6DD00DE55EC /* Main.storyboard in Resources */,
			);
			runOnlyForDeploymentPostprocessing = 0;
		};
		8FB6F6D519A3B6DD00DE55EC /* Resources */ = {
			isa = PBXResourcesBuildPhase;
			buildActionMask = 2147483647;
			files = (
				8FB6F6E319A3B6DD00DE55EC /* InfoPlist.strings in Resources */,
			);
			runOnlyForDeploymentPostprocessing = 0;
		};
/* End PBXResourcesBuildPhase section */

/* Begin PBXSourcesBuildPhase section */
		8FB6F6B219A3B6DD00DE55EC /* Sources */ = {
			isa = PBXSourcesBuildPhase;
			buildActionMask = 2147483647;
			files = (
				8FB6F6D019A3B6DD00DE55EC /* ViewController.m in Sources */,
				8FB6F6CA19A3B6DD00DE55EC /* AppDelegate.m in Sources */,
				8FB6F6C619A3B6DD00DE55EC /* main.m in Sources */,
			);
			runOnlyForDeploymentPostprocessing = 0;
		};
		8FB6F6D319A3B6DD00DE55EC /* Sources */ = {
			isa = PBXSourcesBuildPhase;
			buildActionMask = 2147483647;
			files = (
				8FB6F6E519A3B6DD00DE55EC /* pzDatePickerlearningTests.m in Sources */,
			);
			runOnlyForDeploymentPostprocessing = 0;
		};
/* End PBXSourcesBuildPhase section */

/* Begin PBXTargetDependency section */
		8FB6F6DD19A3B6DD00DE55EC /* PBXTargetDependency */ = {
			isa = PBXTargetDependency;
			target = 8FB6F6B519A3B6DD00DE55EC /* pzDatePickerlearning */;
			targetProxy = 8FB6F6DC19A3B6DD00DE55EC /* PBXContainerItemProxy */;
		};
/* End PBXTargetDependency section */

/* Begin PBXVariantGroup section */
		8FB6F6C219A3B6DD00DE55EC /* InfoPlist.strings */ = {
			isa = PBXVariantGroup;
			children = (
				8FB6F6C319A3B6DD00DE55EC /* en */,
			);
			name = InfoPlist.strings;
			sourceTree = "<group>";
		};
		8FB6F6CB19A3B6DD00DE55EC /* Main.storyboard */ = {
			isa = PBXVariantGroup;
			children = (
				8FB6F6CC19A3B6DD00DE55EC /* Base */,
			);
			name = Main.storyboard;
			sourceTree = "<group>";
		};
		8FB6F6E119A3B6DD00DE55EC /* InfoPlist.strings */ = {
			isa = PBXVariantGroup;
			children = (
				8FB6F6E219A3B6DD00DE55EC /* en */,
			);
			name = InfoPlist.strings;
			sourceTree = "<group>";
		};
/* End PBXVariantGroup section */

/* Begin XCBuildConfiguration section */
		8FB6F6E619A3B6DD00DE55EC /* Debug */ = {
			isa = XCBuildConfiguration;
			buildSettings = {
				ALWAYS_SEARCH_USER_PATHS = NO;
				CLANG_CXX_LANGUAGE_STANDARD = "gnu++0x";
				CLANG_CXX_LIBRARY = "libc++";
				CLANG_ENABLE_MODULES = YES;
				CLANG_ENABLE_OBJC_ARC = YES;
				CLANG_WARN_BOOL_CONVERSION = YES;
				CLANG_WARN_CONSTANT_CONVERSION = YES;
				CLANG_WARN_DIRECT_OBJC_ISA_USAGE = YES_ERROR;
				CLANG_WARN_EMPTY_BODY = YES;
				CLANG_WARN_ENUM_CONVERSION = YES;
				CLANG_WARN_INT_CONVERSION = YES;
				CLANG_WARN_OBJC_ROOT_CLASS = YES_ERROR;
				CLANG_WARN__DUPLICATE_METHOD_MATCH = YES;
				"CODE_SIGN_IDENTITY[sdk=iphoneos*]" = "iPhone Developer";
				COPY_PHASE_STRIP = NO;
				GCC_C_LANGUAGE_STANDARD = gnu99;
				GCC_DYNAMIC_NO_PIC = NO;
				GCC_OPTIMIZATION_LEVEL = 0;
				GCC_PREPROCESSOR_DEFINITIONS = (
					"DEBUG=1",
					"$(inherited)",
				);
				GCC_SYMBOLS_PRIVATE_EXTERN = NO;
				GCC_WARN_64_TO_32_BIT_CONVERSION = YES;
				GCC_WARN_ABOUT_RETURN_TYPE = YES_ERROR;
				GCC_WARN_UNDECLARED_SELECTOR = YES;
				GCC_WARN_UNINITIALIZED_AUTOS = YES_AGGRESSIVE;
				GCC_WARN_UNUSED_FUNCTION = YES;
				GCC_WARN_UNUSED_VARIABLE = YES;
				IPHONEOS_DEPLOYMENT_TARGET = 7.1;
				ONLY_ACTIVE_ARCH = YES;
				SDKROOT = iphoneos;
			};
			name = Debug;
		};
		8FB6F6E719A3B6DD00DE55EC /* Release */ = {
			isa = XCBuildConfiguration;
			buildSettings = {
				ALWAYS_SEARCH_USER_PATHS = NO;
				CLANG_CXX_LANGUAGE_STANDARD = "gnu++0x";
				CLANG_CXX_LIBRARY = "libc++";
				CLANG_ENABLE_MODULES = YES;
				CLANG_ENABLE_OBJC_ARC = YES;
				CLANG_WARN_BOOL_CONVERSION = YES;
				CLANG_WARN_CONSTANT_CONVERSION = YES;
				CLANG_WARN_DIRECT_OBJC_ISA_USAGE = YES_ERROR;
				CLANG_WARN_EMPTY_BODY = YES;
				CLANG_WARN_ENUM_CONVERSION = YES;
				CLANG_WARN_INT_CONVERSION = YES;
				CLANG_WARN_OBJC_ROOT_CLASS = YES_ERROR;
				CLANG_WARN__DUPLICATE_METHOD_MATCH = YES;
				"CODE_SIGN_IDENTITY[sdk=iphoneos*]" = "iPhone Developer";
				COPY_PHASE_STRIP = YES;
				ENABLE_NS_ASSERTIONS = NO;
				GCC_C_LANGUAGE_STANDARD = gnu99;
				GCC_WARN_64_TO_32_BIT_CONVERSION = YES;
				GCC_WARN_ABOUT_RETURN_TYPE = YES_ERROR;
				GCC_WARN_UNDECLARED_SELECTOR = YES;
				GCC_WARN_UNINITIALIZED_AUTOS = YES_AGGRESSIVE;
				GCC_WARN_UNUSED_FUNCTION = YES;
				GCC_WARN_UNUSED_VARIABLE = YES;
				IPHONEOS_DEPLOYMENT_TARGET = 7.1;
				SDKROOT = iphoneos;
				VALIDATE_PRODUCT = YES;
			};
			name = Release;
		};
		8FB6F6E919A3B6DD00DE55EC /* Debug */ = {
			isa = XCBuildConfiguration;
			buildSettings = {
				ASSETCATALOG_COMPILER_APPICON_NAME = AppIcon;
				ASSETCATALOG_COMPILER_LAUNCHIMAGE_NAME = LaunchImage;
				GCC_PRECOMPILE_PREFIX_HEADER = YES;
				GCC_PREFIX_HEADER = "pzDatePickerlearning/pzDatePickerlearning-Prefix.pch";
				INFOPLIST_FILE = "pzDatePickerlearning/pzDatePickerlearning-Info.plist";
				PRODUCT_NAME = "$(TARGET_NAME)";
				WRAPPER_EXTENSION = app;
			};
			name = Debug;
		};
		8FB6F6EA19A3B6DD00DE55EC /* Release */ = {
			isa = XCBuildConfiguration;
			buildSettings = {
				ASSETCATALOG_COMPILER_APPICON_NAME = AppIcon;
				ASSETCATALOG_COMPILER_LAUNCHIMAGE_NAME = LaunchImage;
				GCC_PRECOMPILE_PREFIX_HEADER = YES;
				GCC_PREFIX_HEADER = "pzDatePickerlearning/pzDatePickerlearning-Prefix.pch";
				INFOPLIST_FILE = "pzDatePickerlearning/pzDatePickerlearning-Info.plist";
				PRODUCT_NAME = "$(TARGET_NAME)";
				WRAPPER_EXTENSION = app;
			};
			name = Release;
		};
		8FB6F6EC19A3B6DD00DE55EC /* Debug */ = {
			isa = XCBuildConfiguration;
			buildSettings = {
				BUNDLE_LOADER = "$(BUILT_PRODUCTS_DIR)/pzDatePickerlearning.app/pzDatePickerlearning";
				FRAMEWORK_SEARCH_PATHS = (
					"$(SDKROOT)/Developer/Library/Frameworks",
					"$(inherited)",
					"$(DEVELOPER_FRAMEWORKS_DIR)",
				);
				GCC_PRECOMPILE_PREFIX_HEADER = YES;
				GCC_PREFIX_HEADER = "pzDatePickerlearning/pzDatePickerlearning-Prefix.pch";
				GCC_PREPROCESSOR_DEFINITIONS = (
					"DEBUG=1",
					"$(inherited)",
				);
				INFOPLIST_FILE = "pzDatePickerlearningTests/pzDatePickerlearningTests-Info.plist";
				PRODUCT_NAME = "$(TARGET_NAME)";
				TEST_HOST = "$(BUNDLE_LOADER)";
				WRAPPER_EXTENSION = xctest;
			};
			name = Debug;
		};
		8FB6F6ED19A3B6DD00DE55EC /* Release */ = {
			isa = XCBuildConfiguration;
			buildSettings = {
				BUNDLE_LOADER = "$(BUILT_PRODUCTS_DIR)/pzDatePickerlearning.app/pzDatePickerlearning";
				FRAMEWORK_SEARCH_PATHS = (
					"$(SDKROOT)/Developer/Library/Frameworks",
					"$(inherited)",
					"$(DEVELOPER_FRAMEWORKS_DIR)",
				);
				GCC_PRECOMPILE_PREFIX_HEADER = YES;
				GCC_PREFIX_HEADER = "pzDatePickerlearning/pzDatePickerlearning-Prefix.pch";
				INFOPLIST_FILE = "pzDatePickerlearningTests/pzDatePickerlearningTests-Info.plist";
				PRODUCT_NAME = "$(TARGET_NAME)";
				TEST_HOST = "$(BUNDLE_LOADER)";
				WRAPPER_EXTENSION = xctest;
			};
			name = Release;
		};
/* End XCBuildConfiguration section */

/* Begin XCConfigurationList section */
		8FB6F6B119A3B6DD00DE55EC /* Build configuration list for PBXProject "pzDatePickerlearning" */ = {
			isa = XCConfigurationList;
			buildConfigurations = (
				8FB6F6E619A3B6DD00DE55EC /* Debug */,
				8FB6F6E719A3B6DD00DE55EC /* Release */,
			);
			defaultConfigurationIsVisible = 0;
			defaultConfigurationName = Release;
		};
		8FB6F6E819A3B6DD00DE55EC /* Build configuration list for PBXNativeTarget "pzDatePickerlearning" */ = {
			isa = XCConfigurationList;
			buildConfigurations = (
				8FB6F6E919A3B6DD00DE55EC /* Debug */,
				8FB6F6EA19A3B6DD00DE55EC /* Release */,
			);
			defaultConfigurationIsVisible = 0;
		};
		8FB6F6EB19A3B6DD00DE55EC /* Build configuration list for PBXNativeTarget "pzDatePickerlearningTests" */ = {
			isa = XCConfigurationList;
			buildConfigurations = (
				8FB6F6EC19A3B6DD00DE55EC /* Debug */,
				8FB6F6ED19A3B6DD00DE55EC /* Release */,
			);
			defaultConfigurationIsVisible = 0;
		};
/* End XCConfigurationList section */
	};
	rootObject = 8FB6F6AE19A3B6DD00DE55EC /* Project object */;
}
