// !$*UTF8*$!
{
	archiveVersion = 1;
	classes = {
	};
	objectVersion = 46;
	objects = {

/* Begin PBXBuildFile section */
		8FEEA65E19B7F863007EEEFC /* Foundation.framework in Frameworks */ = {isa = PBXBuildFile; fileRef = 8FEEA65D19B7F863007EEEFC /* Foundation.framework */; };
		8FEEA66019B7F863007EEEFC /* CoreGraphics.framework in Frameworks */ = {isa = PBXBuildFile; fileRef = 8FEEA65F19B7F863007EEEFC /* CoreGraphics.framework */; };
		8FEEA66219B7F863007EEEFC /* UIKit.framework in Frameworks */ = {isa = PBXBuildFile; fileRef = 8FEEA66119B7F863007EEEFC /* UIKit.framework */; };
		8FEEA66819B7F863007EEEFC /* InfoPlist.strings in Resources */ = {isa = PBXBuildFile; fileRef = 8FEEA66619B7F863007EEEFC /* InfoPlist.strings */; };
		8FEEA66A19B7F863007EEEFC /* main.m in Sources */ = {isa = PBXBuildFile; fileRef = 8FEEA66919B7F863007EEEFC /* main.m */; };
		8FEEA66E19B7F863007EEEFC /* AppDelegate.m in Sources */ = {isa = PBXBuildFile; fileRef = 8FEEA66D19B7F863007EEEFC /* AppDelegate.m */; };
		8FEEA67119B7F863007EEEFC /* Main_iPhone.storyboard in Resources */ = {isa = PBXBuildFile; fileRef = 8FEEA66F19B7F863007EEEFC /* Main_iPhone.storyboard */; };
		8FEEA67419B7F863007EEEFC /* Main_iPad.storyboard in Resources */ = {isa = PBXBuildFile; fileRef = 8FEEA67219B7F863007EEEFC /* Main_iPad.storyboard */; };
		8FEEA67719B7F863007EEEFC /* ViewController.m in Sources */ = {isa = PBXBuildFile; fileRef = 8FEEA67619B7F863007EEEFC /* ViewController.m */; };
		8FEEA67919B7F863007EEEFC /* Images.xcassets in Resources */ = {isa = PBXBuildFile; fileRef = 8FEEA67819B7F863007EEEFC /* Images.xcassets */; };
		8FEEA68019B7F863007EEEFC /* XCTest.framework in Frameworks */ = {isa = PBXBuildFile; fileRef = 8FEEA67F19B7F863007EEEFC /* XCTest.framework */; };
		8FEEA68119B7F863007EEEFC /* Foundation.framework in Frameworks */ = {isa = PBXBuildFile; fileRef = 8FEEA65D19B7F863007EEEFC /* Foundation.framework */; };
		8FEEA68219B7F863007EEEFC /* UIKit.framework in Frameworks */ = {isa = PBXBuildFile; fileRef = 8FEEA66119B7F863007EEEFC /* UIKit.framework */; };
		8FEEA68A19B7F863007EEEFC /* InfoPlist.strings in Resources */ = {isa = PBXBuildFile; fileRef = 8FEEA68819B7F863007EEEFC /* InfoPlist.strings */; };
		8FEEA68C19B7F863007EEEFC /* pzTableFromFileLearningTests.m in Sources */ = {isa = PBXBuildFile; fileRef = 8FEEA68B19B7F863007EEEFC /* pzTableFromFileLearningTests.m */; };
		8FEEA69619B7F877007EEEFC /* pz.plist in Resources */ = {isa = PBXBuildFile; fileRef = 8FEEA69519B7F877007EEEFC /* pz.plist */; };
		8FEEA69A19B7FEFA007EEEFC /* quotes.plist in Resources */ = {isa = PBXBuildFile; fileRef = 8FEEA69919B7FEFA007EEEFC /* quotes.plist */; };
/* End PBXBuildFile section */

/* Begin PBXContainerItemProxy section */
		8FEEA68319B7F863007EEEFC /* PBXContainerItemProxy */ = {
			isa = PBXContainerItemProxy;
			containerPortal = 8FEEA65219B7F863007EEEFC /* Project object */;
			proxyType = 1;
			remoteGlobalIDString = 8FEEA65919B7F863007EEEFC;
			remoteInfo = pzTableFromFileLearning;
		};
/* End PBXContainerItemProxy section */

/* Begin PBXFileReference section */
		8FEEA65A19B7F863007EEEFC /* pzTableFromFileLearning.app */ = {isa = PBXFileReference; explicitFileType = wrapper.application; includeInIndex = 0; path = pzTableFromFileLearning.app; sourceTree = BUILT_PRODUCTS_DIR; };
		8FEEA65D19B7F863007EEEFC /* Foundation.framework */ = {isa = PBXFileReference; lastKnownFileType = wrapper.framework; name = Foundation.framework; path = System/Library/Frameworks/Foundation.framework; sourceTree = SDKROOT; };
		8FEEA65F19B7F863007EEEFC /* CoreGraphics.framework */ = {isa = PBXFileReference; lastKnownFileType = wrapper.framework; name = CoreGraphics.framework; path = System/Library/Frameworks/CoreGraphics.framework; sourceTree = SDKROOT; };
		8FEEA66119B7F863007EEEFC /* UIKit.framework */ = {isa = PBXFileReference; lastKnownFileType = wrapper.framework; name = UIKit.framework; path = System/Library/Frameworks/UIKit.framework; sourceTree = SDKROOT; };
		8FEEA66519B7F863007EEEFC /* pzTableFromFileLearning-Info.plist */ = {isa = PBXFileReference; lastKnownFileType = text.plist.xml; path = "pzTableFromFileLearning-Info.plist"; sourceTree = "<group>"; };
		8FEEA66719B7F863007EEEFC /* en */ = {isa = PBXFileReference; lastKnownFileType = text.plist.strings; name = en; path = en.lproj/InfoPlist.strings; sourceTree = "<group>"; };
		8FEEA66919B7F863007EEEFC /* main.m */ = {isa = PBXFileReference; lastKnownFileType = sourcecode.c.objc; path = main.m; sourceTree = "<group>"; };
		8FEEA66B19B7F863007EEEFC /* pzTableFromFileLearning-Prefix.pch */ = {isa = PBXFileReference; lastKnownFileType = sourcecode.c.h; path = "pzTableFromFileLearning-Prefix.pch"; sourceTree = "<group>"; };
		8FEEA66C19B7F863007EEEFC /* AppDelegate.h */ = {isa = PBXFileReference; lastKnownFileType = sourcecode.c.h; path = AppDelegate.h; sourceTree = "<group>"; };
		8FEEA66D19B7F863007EEEFC /* AppDelegate.m */ = {isa = PBXFileReference; lastKnownFileType = sourcecode.c.objc; path = AppDelegate.m; sourceTree = "<group>"; };
		8FEEA67019B7F863007EEEFC /* Base */ = {isa = PBXFileReference; lastKnownFileType = file.storyboard; name = Base; path = Base.lproj/Main_iPhone.storyboard; sourceTree = "<group>"; };
		8FEEA67319B7F863007EEEFC /* Base */ = {isa = PBXFileReference; lastKnownFileType = file.storyboard; name = Base; path = Base.lproj/Main_iPad.storyboard; sourceTree = "<group>"; };
		8FEEA67519B7F863007EEEFC /* ViewController.h */ = {isa = PBXFileReference; lastKnownFileType = sourcecode.c.h; path = ViewController.h; sourceTree = "<group>"; };
		8FEEA67619B7F863007EEEFC /* ViewController.m */ = {isa = PBXFileReference; lastKnownFileType = sourcecode.c.objc; path = ViewController.m; sourceTree = "<group>"; };
		8FEEA67819B7F863007EEEFC /* Images.xcassets */ = {isa = PBXFileReference; lastKnownFileType = folder.assetcatalog; path = Images.xcassets; sourceTree = "<group>"; };
		8FEEA67E19B7F863007EEEFC /* pzTableFromFileLearningTests.xctest */ = {isa = PBXFileReference; explicitFileType = wrapper.cfbundle; includeInIndex = 0; path = pzTableFromFileLearningTests.xctest; sourceTree = BUILT_PRODUCTS_DIR; };
		8FEEA67F19B7F863007EEEFC /* XCTest.framework */ = {isa = PBXFileReference; lastKnownFileType = wrapper.framework; name = XCTest.framework; path = Library/Frameworks/XCTest.framework; sourceTree = DEVELOPER_DIR; };
		8FEEA68719B7F863007EEEFC /* pzTableFromFileLearningTests-Info.plist */ = {isa = PBXFileReference; lastKnownFileType = text.plist.xml; path = "pzTableFromFileLearningTests-Info.plist"; sourceTree = "<group>"; };
		8FEEA68919B7F863007EEEFC /* en */ = {isa = PBXFileReference; lastKnownFileType = text.plist.strings; name = en; path = en.lproj/InfoPlist.strings; sourceTree = "<group>"; };
		8FEEA68B19B7F863007EEEFC /* pzTableFromFileLearningTests.m */ = {isa = PBXFileReference; lastKnownFileType = sourcecode.c.objc; path = pzTableFromFileLearningTests.m; sourceTree = "<group>"; };
		8FEEA69519B7F877007EEEFC /* pz.plist */ = {isa = PBXFileReference; fileEncoding = 4; lastKnownFileType = text.plist.xml; path = pz.plist; sourceTree = "<group>"; };
		8FEEA69919B7FEFA007EEEFC /* quotes.plist */ = {isa = PBXFileReference; fileEncoding = 4; lastKnownFileType = text.plist.xml; path = quotes.plist; sourceTree = "<group>"; };
/* End PBXFileReference section */

/* Begin PBXFrameworksBuildPhase section */
		8FEEA65719B7F863007EEEFC /* Frameworks */ = {
			isa = PBXFrameworksBuildPhase;
			buildActionMask = 2147483647;
			files = (
				8FEEA66019B7F863007EEEFC /* CoreGraphics.framework in Frameworks */,
				8FEEA66219B7F863007EEEFC /* UIKit.framework in Frameworks */,
				8FEEA65E19B7F863007EEEFC /* Foundation.framework in Frameworks */,
			);
			runOnlyForDeploymentPostprocessing = 0;
		};
		8FEEA67B19B7F863007EEEFC /* Frameworks */ = {
			isa = PBXFrameworksBuildPhase;
			buildActionMask = 2147483647;
			files = (
				8FEEA68019B7F863007EEEFC /* XCTest.framework in Frameworks */,
				8FEEA68219B7F863007EEEFC /* UIKit.framework in Frameworks */,
				8FEEA68119B7F863007EEEFC /* Foundation.framework in Frameworks */,
			);
			runOnlyForDeploymentPostprocessing = 0;
		};
/* End PBXFrameworksBuildPhase section */

/* Begin PBXGroup section */
		8FEEA65119B7F863007EEEFC = {
			isa = PBXGroup;
			children = (
				8FEEA66319B7F863007EEEFC /* pzTableFromFileLearning */,
				8FEEA68519B7F863007EEEFC /* pzTableFromFileLearningTests */,
				8FEEA65C19B7F863007EEEFC /* Frameworks */,
				8FEEA65B19B7F863007EEEFC /* Products */,
			);
			sourceTree = "<group>";
		};
		8FEEA65B19B7F863007EEEFC /* Products */ = {
			isa = PBXGroup;
			children = (
				8FEEA65A19B7F863007EEEFC /* pzTableFromFileLearning.app */,
				8FEEA67E19B7F863007EEEFC /* pzTableFromFileLearningTests.xctest */,
			);
			name = Products;
			sourceTree = "<group>";
		};
		8FEEA65C19B7F863007EEEFC /* Frameworks */ = {
			isa = PBXGroup;
			children = (
				8FEEA65D19B7F863007EEEFC /* Foundation.framework */,
				8FEEA65F19B7F863007EEEFC /* CoreGraphics.framework */,
				8FEEA66119B7F863007EEEFC /* UIKit.framework */,
				8FEEA67F19B7F863007EEEFC /* XCTest.framework */,
			);
			name = Frameworks;
			sourceTree = "<group>";
		};
		8FEEA66319B7F863007EEEFC /* pzTableFromFileLearning */ = {
			isa = PBXGroup;
			children = (
				8FEEA69919B7FEFA007EEEFC /* quotes.plist */,
				8FEEA66C19B7F863007EEEFC /* AppDelegate.h */,
				8FEEA66D19B7F863007EEEFC /* AppDelegate.m */,
				8FEEA66F19B7F863007EEEFC /* Main_iPhone.storyboard */,
				8FEEA67219B7F863007EEEFC /* Main_iPad.storyboard */,
				8FEEA67519B7F863007EEEFC /* ViewController.h */,
				8FEEA67619B7F863007EEEFC /* ViewController.m */,
				8FEEA67819B7F863007EEEFC /* Images.xcassets */,
				8FEEA69519B7F877007EEEFC /* pz.plist */,
				8FEEA66419B7F863007EEEFC /* Supporting Files */,
			);
			path = pzTableFromFileLearning;
			sourceTree = "<group>";
		};
		8FEEA66419B7F863007EEEFC /* Supporting Files */ = {
			isa = PBXGroup;
			children = (
				8FEEA66519B7F863007EEEFC /* pzTableFromFileLearning-Info.plist */,
				8FEEA66619B7F863007EEEFC /* InfoPlist.strings */,
				8FEEA66919B7F863007EEEFC /* main.m */,
				8FEEA66B19B7F863007EEEFC /* pzTableFromFileLearning-Prefix.pch */,
			);
			name = "Supporting Files";
			sourceTree = "<group>";
		};
		8FEEA68519B7F863007EEEFC /* pzTableFromFileLearningTests */ = {
			isa = PBXGroup;
			children = (
				8FEEA68B19B7F863007EEEFC /* pzTableFromFileLearningTests.m */,
				8FEEA68619B7F863007EEEFC /* Supporting Files */,
			);
			path = pzTableFromFileLearningTests;
			sourceTree = "<group>";
		};
		8FEEA68619B7F863007EEEFC /* Supporting Files */ = {
			isa = PBXGroup;
			children = (
				8FEEA68719B7F863007EEEFC /* pzTableFromFileLearningTests-Info.plist */,
				8FEEA68819B7F863007EEEFC /* InfoPlist.strings */,
			);
			name = "Supporting Files";
			sourceTree = "<group>";
		};
/* End PBXGroup section */

/* Begin PBXNativeTarget section */
		8FEEA65919B7F863007EEEFC /* pzTableFromFileLearning */ = {
			isa = PBXNativeTarget;
			buildConfigurationList = 8FEEA68F19B7F863007EEEFC /* Build configuration list for PBXNativeTarget "pzTableFromFileLearning" */;
			buildPhases = (
				8FEEA65619B7F863007EEEFC /* Sources */,
				8FEEA65719B7F863007EEEFC /* Frameworks */,
				8FEEA65819B7F863007EEEFC /* Resources */,
			);
			buildRules = (
			);
			dependencies = (
			);
			name = pzTableFromFileLearning;
			productName = pzTableFromFileLearning;
			productReference = 8FEEA65A19B7F863007EEEFC /* pzTableFromFileLearning.app */;
			productType = "com.apple.product-type.application";
		};
		8FEEA67D19B7F863007EEEFC /* pzTableFromFileLearningTests */ = {
			isa = PBXNativeTarget;
			buildConfigurationList = 8FEEA69219B7F863007EEEFC /* Build configuration list for PBXNativeTarget "pzTableFromFileLearningTests" */;
			buildPhases = (
				8FEEA67A19B7F863007EEEFC /* Sources */,
				8FEEA67B19B7F863007EEEFC /* Frameworks */,
				8FEEA67C19B7F863007EEEFC /* Resources */,
			);
			buildRules = (
			);
			dependencies = (
				8FEEA68419B7F863007EEEFC /* PBXTargetDependency */,
			);
			name = pzTableFromFileLearningTests;
			productName = pzTableFromFileLearningTests;
			productReference = 8FEEA67E19B7F863007EEEFC /* pzTableFromFileLearningTests.xctest */;
			productType = "com.apple.product-type.bundle.unit-test";
		};
/* End PBXNativeTarget section */

/* Begin PBXProject section */
		8FEEA65219B7F863007EEEFC /* Project object */ = {
			isa = PBXProject;
			attributes = {
				LastUpgradeCheck = 0510;
				ORGANIZATIONNAME = com.6pingblky;
				TargetAttributes = {
					8FEEA67D19B7F863007EEEFC = {
						TestTargetID = 8FEEA65919B7F863007EEEFC;
					};
				};
			};
			buildConfigurationList = 8FEEA65519B7F863007EEEFC /* Build configuration list for PBXProject "pzTableFromFileLearning" */;
			compatibilityVersion = "Xcode 3.2";
			developmentRegion = English;
			hasScannedForEncodings = 0;
			knownRegions = (
				en,
				Base,
			);
			mainGroup = 8FEEA65119B7F863007EEEFC;
			productRefGroup = 8FEEA65B19B7F863007EEEFC /* Products */;
			projectDirPath = "";
			projectRoot = "";
			targets = (
				8FEEA65919B7F863007EEEFC /* pzTableFromFileLearning */,
				8FEEA67D19B7F863007EEEFC /* pzTableFromFileLearningTests */,
			);
		};
/* End PBXProject section */

/* Begin PBXResourcesBuildPhase section */
		8FEEA65819B7F863007EEEFC /* Resources */ = {
			isa = PBXResourcesBuildPhase;
			buildActionMask = 2147483647;
			files = (
				8FEEA67419B7F863007EEEFC /* Main_iPad.storyboard in Resources */,
				8FEEA67919B7F863007EEEFC /* Images.xcassets in Resources */,
				8FEEA67119B7F863007EEEFC /* Main_iPhone.storyboard in Resources */,
				8FEEA69619B7F877007EEEFC /* pz.plist in Resources */,
				8FEEA69A19B7FEFA007EEEFC /* quotes.plist in Resources */,
				8FEEA66819B7F863007EEEFC /* InfoPlist.strings in Resources */,
			);
			runOnlyForDeploymentPostprocessing = 0;
		};
		8FEEA67C19B7F863007EEEFC /* Resources */ = {
			isa = PBXResourcesBuildPhase;
			buildActionMask = 2147483647;
			files = (
				8FEEA68A19B7F863007EEEFC /* InfoPlist.strings in Resources */,
			);
			runOnlyForDeploymentPostprocessing = 0;
		};
/* End PBXResourcesBuildPhase section */

/* Begin PBXSourcesBuildPhase section */
		8FEEA65619B7F863007EEEFC /* Sources */ = {
			isa = PBXSourcesBuildPhase;
			buildActionMask = 2147483647;
			files = (
				8FEEA67719B7F863007EEEFC /* ViewController.m in Sources */,
				8FEEA66E19B7F863007EEEFC /* AppDelegate.m in Sources */,
				8FEEA66A19B7F863007EEEFC /* main.m in Sources */,
			);
			runOnlyForDeploymentPostprocessing = 0;
		};
		8FEEA67A19B7F863007EEEFC /* Sources */ = {
			isa = PBXSourcesBuildPhase;
			buildActionMask = 2147483647;
			files = (
				8FEEA68C19B7F863007EEEFC /* pzTableFromFileLearningTests.m in Sources */,
			);
			runOnlyForDeploymentPostprocessing = 0;
		};
/* End PBXSourcesBuildPhase section */

/* Begin PBXTargetDependency section */
		8FEEA68419B7F863007EEEFC /* PBXTargetDependency */ = {
			isa = PBXTargetDependency;
			target = 8FEEA65919B7F863007EEEFC /* pzTableFromFileLearning */;
			targetProxy = 8FEEA68319B7F863007EEEFC /* PBXContainerItemProxy */;
		};
/* End PBXTargetDependency section */

/* Begin PBXVariantGroup section */
		8FEEA66619B7F863007EEEFC /* InfoPlist.strings */ = {
			isa = PBXVariantGroup;
			children = (
				8FEEA66719B7F863007EEEFC /* en */,
			);
			name = InfoPlist.strings;
			sourceTree = "<group>";
		};
		8FEEA66F19B7F863007EEEFC /* Main_iPhone.storyboard */ = {
			isa = PBXVariantGroup;
			children = (
				8FEEA67019B7F863007EEEFC /* Base */,
			);
			name = Main_iPhone.storyboard;
			sourceTree = "<group>";
		};
		8FEEA67219B7F863007EEEFC /* Main_iPad.storyboard */ = {
			isa = PBXVariantGroup;
			children = (
				8FEEA67319B7F863007EEEFC /* Base */,
			);
			name = Main_iPad.storyboard;
			sourceTree = "<group>";
		};
		8FEEA68819B7F863007EEEFC /* InfoPlist.strings */ = {
			isa = PBXVariantGroup;
			children = (
				8FEEA68919B7F863007EEEFC /* en */,
			);
			name = InfoPlist.strings;
			sourceTree = "<group>";
		};
/* End PBXVariantGroup section */

/* Begin XCBuildConfiguration section */
		8FEEA68D19B7F863007EEEFC /* Debug */ = {
			isa = XCBuildConfiguration;
			buildSettings = {
				ALWAYS_SEARCH_USER_PATHS = NO;
				CLANG_CXX_LANGUAGE_STANDARD = "gnu++0x";
				CLANG_CXX_LIBRARY = "libc++";
				CLANG_ENABLE_MODULES = YES;
				CLANG_ENABLE_OBJC_ARC = YES;
				CLANG_WARN_BOOL_CONVERSION = YES;
				CLANG_WARN_CONSTANT_CONVERSION = YES;
				CLANG_WARN_DIRECT_OBJC_ISA_USAGE = YES_ERROR;
				CLANG_WARN_EMPTY_BODY = YES;
				CLANG_WARN_ENUM_CONVERSION = YES;
				CLANG_WARN_INT_CONVERSION = YES;
				CLANG_WARN_OBJC_ROOT_CLASS = YES_ERROR;
				CLANG_WARN__DUPLICATE_METHOD_MATCH = YES;
				"CODE_SIGN_IDENTITY[sdk=iphoneos*]" = "iPhone Developer";
				COPY_PHASE_STRIP = NO;
				GCC_C_LANGUAGE_STANDARD = gnu99;
				GCC_DYNAMIC_NO_PIC = NO;
				GCC_OPTIMIZATION_LEVEL = 0;
				GCC_PREPROCESSOR_DEFINITIONS = (
					"DEBUG=1",
					"$(inherited)",
				);
				GCC_SYMBOLS_PRIVATE_EXTERN = NO;
				GCC_WARN_64_TO_32_BIT_CONVERSION = YES;
				GCC_WARN_ABOUT_RETURN_TYPE = YES_ERROR;
				GCC_WARN_UNDECLARED_SELECTOR = YES;
				GCC_WARN_UNINITIALIZED_AUTOS = YES_AGGRESSIVE;
				GCC_WARN_UNUSED_FUNCTION = YES;
				GCC_WARN_UNUSED_VARIABLE = YES;
				IPHONEOS_DEPLOYMENT_TARGET = 7.1;
				ONLY_ACTIVE_ARCH = YES;
				SDKROOT = iphoneos;
				TARGETED_DEVICE_FAMILY = "1,2";
			};
			name = Debug;
		};
		8FEEA68E19B7F863007EEEFC /* Release */ = {
			isa = XCBuildConfiguration;
			buildSettings = {
				ALWAYS_SEARCH_USER_PATHS = NO;
				CLANG_CXX_LANGUAGE_STANDARD = "gnu++0x";
				CLANG_CXX_LIBRARY = "libc++";
				CLANG_ENABLE_MODULES = YES;
				CLANG_ENABLE_OBJC_ARC = YES;
				CLANG_WARN_BOOL_CONVERSION = YES;
				CLANG_WARN_CONSTANT_CONVERSION = YES;
				CLANG_WARN_DIRECT_OBJC_ISA_USAGE = YES_ERROR;
				CLANG_WARN_EMPTY_BODY = YES;
				CLANG_WARN_ENUM_CONVERSION = YES;
				CLANG_WARN_INT_CONVERSION = YES;
				CLANG_WARN_OBJC_ROOT_CLASS = YES_ERROR;
				CLANG_WARN__DUPLICATE_METHOD_MATCH = YES;
				"CODE_SIGN_IDENTITY[sdk=iphoneos*]" = "iPhone Developer";
				COPY_PHASE_STRIP = YES;
				ENABLE_NS_ASSERTIONS = NO;
				GCC_C_LANGUAGE_STANDARD = gnu99;
				GCC_WARN_64_TO_32_BIT_CONVERSION = YES;
				GCC_WARN_ABOUT_RETURN_TYPE = YES_ERROR;
				GCC_WARN_UNDECLARED_SELECTOR = YES;
				GCC_WARN_UNINITIALIZED_AUTOS = YES_AGGRESSIVE;
				GCC_WARN_UNUSED_FUNCTION = YES;
				GCC_WARN_UNUSED_VARIABLE = YES;
				IPHONEOS_DEPLOYMENT_TARGET = 7.1;
				SDKROOT = iphoneos;
				TARGETED_DEVICE_FAMILY = "1,2";
				VALIDATE_PRODUCT = YES;
			};
			name = Release;
		};
		8FEEA69019B7F863007EEEFC /* Debug */ = {
			isa = XCBuildConfiguration;
			buildSettings = {
				ASSETCATALOG_COMPILER_APPICON_NAME = AppIcon;
				ASSETCATALOG_COMPILER_LAUNCHIMAGE_NAME = LaunchImage;
				GCC_PRECOMPILE_PREFIX_HEADER = YES;
				GCC_PREFIX_HEADER = "pzTableFromFileLearning/pzTableFromFileLearning-Prefix.pch";
				INFOPLIST_FILE = "pzTableFromFileLearning/pzTableFromFileLearning-Info.plist";
				PRODUCT_NAME = "$(TARGET_NAME)";
				WRAPPER_EXTENSION = app;
			};
			name = Debug;
		};
		8FEEA69119B7F863007EEEFC /* Release */ = {
			isa = XCBuildConfiguration;
			buildSettings = {
				ASSETCATALOG_COMPILER_APPICON_NAME = AppIcon;
				ASSETCATALOG_COMPILER_LAUNCHIMAGE_NAME = LaunchImage;
				GCC_PRECOMPILE_PREFIX_HEADER = YES;
				GCC_PREFIX_HEADER = "pzTableFromFileLearning/pzTableFromFileLearning-Prefix.pch";
				INFOPLIST_FILE = "pzTableFromFileLearning/pzTableFromFileLearning-Info.plist";
				PRODUCT_NAME = "$(TARGET_NAME)";
				WRAPPER_EXTENSION = app;
			};
			name = Release;
		};
		8FEEA69319B7F863007EEEFC /* Debug */ = {
			isa = XCBuildConfiguration;
			buildSettings = {
				BUNDLE_LOADER = "$(BUILT_PRODUCTS_DIR)/pzTableFromFileLearning.app/pzTableFromFileLearning";
				FRAMEWORK_SEARCH_PATHS = (
					"$(SDKROOT)/Developer/Library/Frameworks",
					"$(inherited)",
					"$(DEVELOPER_FRAMEWORKS_DIR)",
				);
				GCC_PRECOMPILE_PREFIX_HEADER = YES;
				GCC_PREFIX_HEADER = "pzTableFromFileLearning/pzTableFromFileLearning-Prefix.pch";
				GCC_PREPROCESSOR_DEFINITIONS = (
					"DEBUG=1",
					"$(inherited)",
				);
				INFOPLIST_FILE = "pzTableFromFileLearningTests/pzTableFromFileLearningTests-Info.plist";
				PRODUCT_NAME = "$(TARGET_NAME)";
				TEST_HOST = "$(BUNDLE_LOADER)";
				WRAPPER_EXTENSION = xctest;
			};
			name = Debug;
		};
		8FEEA69419B7F863007EEEFC /* Release */ = {
			isa = XCBuildConfiguration;
			buildSettings = {
				BUNDLE_LOADER = "$(BUILT_PRODUCTS_DIR)/pzTableFromFileLearning.app/pzTableFromFileLearning";
				FRAMEWORK_SEARCH_PATHS = (
					"$(SDKROOT)/Developer/Library/Frameworks",
					"$(inherited)",
					"$(DEVELOPER_FRAMEWORKS_DIR)",
				);
				GCC_PRECOMPILE_PREFIX_HEADER = YES;
				GCC_PREFIX_HEADER = "pzTableFromFileLearning/pzTableFromFileLearning-Prefix.pch";
				INFOPLIST_FILE = "pzTableFromFileLearningTests/pzTableFromFileLearningTests-Info.plist";
				PRODUCT_NAME = "$(TARGET_NAME)";
				TEST_HOST = "$(BUNDLE_LOADER)";
				WRAPPER_EXTENSION = xctest;
			};
			name = Release;
		};
/* End XCBuildConfiguration section */

/* Begin XCConfigurationList section */
		8FEEA65519B7F863007EEEFC /* Build configuration list for PBXProject "pzTableFromFileLearning" */ = {
			isa = XCConfigurationList;
			buildConfigurations = (
				8FEEA68D19B7F863007EEEFC /* Debug */,
				8FEEA68E19B7F863007EEEFC /* Release */,
			);
			defaultConfigurationIsVisible = 0;
			defaultConfigurationName = Release;
		};
		8FEEA68F19B7F863007EEEFC /* Build configuration list for PBXNativeTarget "pzTableFromFileLearning" */ = {
			isa = XCConfigurationList;
			buildConfigurations = (
				8FEEA69019B7F863007EEEFC /* Debug */,
				8FEEA69119B7F863007EEEFC /* Release */,
			);
			defaultConfigurationIsVisible = 0;
		};
		8FEEA69219B7F863007EEEFC /* Build configuration list for PBXNativeTarget "pzTableFromFileLearningTests" */ = {
			isa = XCConfigurationList;
			buildConfigurations = (
				8FEEA69319B7F863007EEEFC /* Debug */,
				8FEEA69419B7F863007EEEFC /* Release */,
			);
			defaultConfigurationIsVisible = 0;
		};
/* End XCConfigurationList section */
	};
	rootObject = 8FEEA65219B7F863007EEEFC /* Project object */;
}
